// !$*UTF8*$!
{
	archiveVersion = 1;
	classes = {
	};
	objectVersion = 46;
	objects = {

/* Begin PBXBuildFile section */
		6003F58E195388D20070C39A /* Foundation.framework in Frameworks */ = {isa = PBXBuildFile; fileRef = 6003F58D195388D20070C39A /* Foundation.framework */; };
		6003F590195388D20070C39A /* CoreGraphics.framework in Frameworks */ = {isa = PBXBuildFile; fileRef = 6003F58F195388D20070C39A /* CoreGraphics.framework */; };
		6003F592195388D20070C39A /* UIKit.framework in Frameworks */ = {isa = PBXBuildFile; fileRef = 6003F591195388D20070C39A /* UIKit.framework */; };
		6003F598195388D20070C39A /* InfoPlist.strings in Resources */ = {isa = PBXBuildFile; fileRef = 6003F596195388D20070C39A /* InfoPlist.strings */; };
		6003F59A195388D20070C39A /* main.m in Sources */ = {isa = PBXBuildFile; fileRef = 6003F599195388D20070C39A /* main.m */; };
		6003F59E195388D20070C39A /* EZGLAppDelegate.m in Sources */ = {isa = PBXBuildFile; fileRef = 6003F59D195388D20070C39A /* EZGLAppDelegate.m */; };
		6003F5A7195388D20070C39A /* EZGLViewController.m in Sources */ = {isa = PBXBuildFile; fileRef = 6003F5A6195388D20070C39A /* EZGLViewController.m */; };
		6003F5A9195388D20070C39A /* Images.xcassets in Resources */ = {isa = PBXBuildFile; fileRef = 6003F5A8195388D20070C39A /* Images.xcassets */; };
		6003F5B0195388D20070C39A /* XCTest.framework in Frameworks */ = {isa = PBXBuildFile; fileRef = 6003F5AF195388D20070C39A /* XCTest.framework */; };
		6003F5B1195388D20070C39A /* Foundation.framework in Frameworks */ = {isa = PBXBuildFile; fileRef = 6003F58D195388D20070C39A /* Foundation.framework */; };
		6003F5B2195388D20070C39A /* UIKit.framework in Frameworks */ = {isa = PBXBuildFile; fileRef = 6003F591195388D20070C39A /* UIKit.framework */; };
		6003F5BA195388D20070C39A /* InfoPlist.strings in Resources */ = {isa = PBXBuildFile; fileRef = 6003F5B8195388D20070C39A /* InfoPlist.strings */; };
		6003F5BC195388D20070C39A /* Tests.m in Sources */ = {isa = PBXBuildFile; fileRef = 6003F5BB195388D20070C39A /* Tests.m */; };
		873B8AEB1B1F5CCA007FD442 /* Main.storyboard in Resources */ = {isa = PBXBuildFile; fileRef = 873B8AEA1B1F5CCA007FD442 /* Main.storyboard */; };
		8E0F30801DBDFFAA00F54680 /* EZGLBasicTriangleViewController.m in Sources */ = {isa = PBXBuildFile; fileRef = 8E0F307F1DBDFFAA00F54680 /* EZGLBasicTriangleViewController.m */; };
		8E361FEF1DC7343900073685 /* EZGLCubeWithBumpTextureViewController.m in Sources */ = {isa = PBXBuildFile; fileRef = 8E361FEE1DC7343900073685 /* EZGLCubeWithBumpTextureViewController.m */; };
		8E5577031DC71A910096E198 /* EZGLCubeWithTextureLightViewController.m in Sources */ = {isa = PBXBuildFile; fileRef = 8E5577021DC71A910096E198 /* EZGLCubeWithTextureLightViewController.m */; };
		8EA1736B1DC1E41B002AC00E /* EZGLCubePanoramaViewController.m in Sources */ = {isa = PBXBuildFile; fileRef = 8EA1736A1DC1E41B002AC00E /* EZGLCubePanoramaViewController.m */; };
		8EA1736D1DC1E4B0002AC00E /* sphere3.jpg in Resources */ = {isa = PBXBuildFile; fileRef = 8EA1736C1DC1E4B0002AC00E /* sphere3.jpg */; };
		8EA1736F1DC1E642002AC00E /* sphere4.jpg in Resources */ = {isa = PBXBuildFile; fileRef = 8EA1736E1DC1E642002AC00E /* sphere4.jpg */; };
		8EA7A1BA1DD443BA00B2FEC9 /* cube4.mtl in Resources */ = {isa = PBXBuildFile; fileRef = 8EA7A1B81DD443BA00B2FEC9 /* cube4.mtl */; };
		8EA7A1BB1DD443BA00B2FEC9 /* cube4.obj in Resources */ = {isa = PBXBuildFile; fileRef = 8EA7A1B91DD443BA00B2FEC9 /* cube4.obj */; };
		8EA7A1C31DD444B100B2FEC9 /* normal.jpg in Resources */ = {isa = PBXBuildFile; fileRef = 8EA7A1BC1DD444B100B2FEC9 /* normal.jpg */; };
		8EA7A1C51DD444B100B2FEC9 /* default_normal.png in Resources */ = {isa = PBXBuildFile; fileRef = 8EA7A1BE1DD444B100B2FEC9 /* default_normal.png */; };
		8EA7A1C61DD444B100B2FEC9 /* default_spec.png in Resources */ = {isa = PBXBuildFile; fileRef = 8EA7A1BF1DD444B100B2FEC9 /* default_spec.png */; };
		8EA7A1C71DD444B100B2FEC9 /* default.jpg in Resources */ = {isa = PBXBuildFile; fileRef = 8EA7A1C01DD444B100B2FEC9 /* default.jpg */; };
		8EA7A1C81DD444B100B2FEC9 /* wood_02.jpg in Resources */ = {isa = PBXBuildFile; fileRef = 8EA7A1C11DD444B100B2FEC9 /* wood_02.jpg */; };
		8EA7A1C91DD444B100B2FEC9 /* wood_03.jpg in Resources */ = {isa = PBXBuildFile; fileRef = 8EA7A1C21DD444B100B2FEC9 /* wood_03.jpg */; };
		8EA7A1CD1DD567A200B2FEC9 /* metal_normal.png in Resources */ = {isa = PBXBuildFile; fileRef = 8EA7A1CA1DD567A200B2FEC9 /* metal_normal.png */; };
		8EA7A1CE1DD567A200B2FEC9 /* metal_SPEC.png in Resources */ = {isa = PBXBuildFile; fileRef = 8EA7A1CB1DD567A200B2FEC9 /* metal_SPEC.png */; };
		8EA7A1CF1DD567A200B2FEC9 /* metal.jpg in Resources */ = {isa = PBXBuildFile; fileRef = 8EA7A1CC1DD567A200B2FEC9 /* metal.jpg */; };
		8EA7A2131DD5BC0000B2FEC9 /* EZGLBaseViewController.m in Sources */ = {isa = PBXBuildFile; fileRef = 8EA7A2121DD5BC0000B2FEC9 /* EZGLBaseViewController.m */; };
		8EA7A21F1DD5CC9C00B2FEC9 /* box.jpg in Resources */ = {isa = PBXBuildFile; fileRef = 8EA7A21A1DD5CC9C00B2FEC9 /* box.jpg */; };
		8EA7A2201DD5CC9C00B2FEC9 /* box_normal.png in Resources */ = {isa = PBXBuildFile; fileRef = 8EA7A21B1DD5CC9C00B2FEC9 /* box_normal.png */; };
		8EA7A2211DD5CC9C00B2FEC9 /* box_spec.png in Resources */ = {isa = PBXBuildFile; fileRef = 8EA7A21C1DD5CC9C00B2FEC9 /* box_spec.png */; };
		8EA7A2221DD5CC9C00B2FEC9 /* demo1_000001.mtl in Resources */ = {isa = PBXBuildFile; fileRef = 8EA7A21D1DD5CC9C00B2FEC9 /* demo1_000001.mtl */; };
		8EA7A2231DD5CC9C00B2FEC9 /* demo1_000001.obj in Resources */ = {isa = PBXBuildFile; fileRef = 8EA7A21E1DD5CC9C00B2FEC9 /* demo1_000001.obj */; };
		8EA7A2271DD5CCB900B2FEC9 /* EZGLLoadSceneViewController.m in Sources */ = {isa = PBXBuildFile; fileRef = 8EA7A2261DD5CCB900B2FEC9 /* EZGLLoadSceneViewController.m */; };
		8EA7A2291DD5CFB100B2FEC9 /* grass.jpg in Resources */ = {isa = PBXBuildFile; fileRef = 8EA7A2281DD5CFB100B2FEC9 /* grass.jpg */; };
		8ED4732F1DC1CE100035F011 /* ball3.mtl in Resources */ = {isa = PBXBuildFile; fileRef = 8ED4732D1DC1CE100035F011 /* ball3.mtl */; };
		8ED473301DC1CE100035F011 /* ball3.obj in Resources */ = {isa = PBXBuildFile; fileRef = 8ED4732E1DC1CE100035F011 /* ball3.obj */; };
		91A411BC925146DB4B9D6537 /* libPods-EZGLKit_Example.a in Frameworks */ = {isa = PBXBuildFile; fileRef = FE102A697C3C7FA9874D2744 /* libPods-EZGLKit_Example.a */; };
		D30FF4F31DBA4260006A2A68 /* EZGLBasicCubeViewController.m in Sources */ = {isa = PBXBuildFile; fileRef = D30FF4F21DBA4260006A2A68 /* EZGLBasicCubeViewController.m */; };
		D32DF9981DBA818800EBED91 /* cube3.obj in Resources */ = {isa = PBXBuildFile; fileRef = D32DF9961DBA818800EBED91 /* cube3.obj */; };
		D32DF9991DBA818800EBED91 /* cube3.mtl in Resources */ = {isa = PBXBuildFile; fileRef = D32DF9971DBA818800EBED91 /* cube3.mtl */; };
		D381B3B91DBA647000FB0829 /* libstdc++.6.tbd in Frameworks */ = {isa = PBXBuildFile; fileRef = D381B3B81DBA647000FB0829 /* libstdc++.6.tbd */; };
		D3C9FD891DC0F050004E7AE1 /* EZGLSpherePanoramaViewController.m in Sources */ = {isa = PBXBuildFile; fileRef = D3C9FD881DC0F050004E7AE1 /* EZGLSpherePanoramaViewController.m */; };
		D3C9FD8D1DC0F149004E7AE1 /* sphere.jpg in Resources */ = {isa = PBXBuildFile; fileRef = D3C9FD8A1DC0F149004E7AE1 /* sphere.jpg */; };
		D3C9FD8E1DC0F149004E7AE1 /* ball2.mtl in Resources */ = {isa = PBXBuildFile; fileRef = D3C9FD8B1DC0F149004E7AE1 /* ball2.mtl */; };
		D3C9FD8F1DC0F149004E7AE1 /* ball2.obj in Resources */ = {isa = PBXBuildFile; fileRef = D3C9FD8C1DC0F149004E7AE1 /* ball2.obj */; };
		D3C9FD911DC0F6D4004E7AE1 /* sphere1.jpg in Resources */ = {isa = PBXBuildFile; fileRef = D3C9FD901DC0F6D4004E7AE1 /* sphere1.jpg */; };
		D3C9FDA31DC25693004E7AE1 /* EZGLCubeWithTextureViewController.m in Sources */ = {isa = PBXBuildFile; fileRef = D3C9FDA21DC25693004E7AE1 /* EZGLCubeWithTextureViewController.m */; };
		D3EA001D1DD89E2C0039231D /* EZGLMoveJoySticker.m in Sources */ = {isa = PBXBuildFile; fileRef = D3EA001C1DD89E2C0039231D /* EZGLMoveJoySticker.m */; };
		D3EA00221DD8ACA90039231D /* EZGLSimplePhysicsViewController.m in Sources */ = {isa = PBXBuildFile; fileRef = D3EA00211DD8ACA90039231D /* EZGLSimplePhysicsViewController.m */; };
		D3EA00261DD8B7C40039231D /* EZGLBasicGeometriesViewController.m in Sources */ = {isa = PBXBuildFile; fileRef = D3EA00251DD8B7C40039231D /* EZGLBasicGeometriesViewController.m */; };
		F28D411B08168914A80EFD08 /* libPods-EZGLKit_Tests.a in Frameworks */ = {isa = PBXBuildFile; fileRef = 5D5B31F65B17DF330A25AFDD /* libPods-EZGLKit_Tests.a */; };
/* End PBXBuildFile section */

/* Begin PBXContainerItemProxy section */
		6003F5B3195388D20070C39A /* PBXContainerItemProxy */ = {
			isa = PBXContainerItemProxy;
			containerPortal = 6003F582195388D10070C39A /* Project object */;
			proxyType = 1;
			remoteGlobalIDString = 6003F589195388D20070C39A;
			remoteInfo = EZGLKit;
		};
/* End PBXContainerItemProxy section */

/* Begin PBXFileReference section */
		253E0DA851FB2A51B07C7BEC /* Pods-EZGLKit_Example.debug.xcconfig */ = {isa = PBXFileReference; includeInIndex = 1; lastKnownFileType = text.xcconfig; name = "Pods-EZGLKit_Example.debug.xcconfig"; path = "Pods/Target Support Files/Pods-EZGLKit_Example/Pods-EZGLKit_Example.debug.xcconfig"; sourceTree = "<group>"; };
		5D5B31F65B17DF330A25AFDD /* libPods-EZGLKit_Tests.a */ = {isa = PBXFileReference; explicitFileType = archive.ar; includeInIndex = 0; path = "libPods-EZGLKit_Tests.a"; sourceTree = BUILT_PRODUCTS_DIR; };
		6003F58A195388D20070C39A /* EZGLKit_Example.app */ = {isa = PBXFileReference; explicitFileType = wrapper.application; includeInIndex = 0; path = EZGLKit_Example.app; sourceTree = BUILT_PRODUCTS_DIR; };
		6003F58D195388D20070C39A /* Foundation.framework */ = {isa = PBXFileReference; lastKnownFileType = wrapper.framework; name = Foundation.framework; path = System/Library/Frameworks/Foundation.framework; sourceTree = SDKROOT; };
		6003F58F195388D20070C39A /* CoreGraphics.framework */ = {isa = PBXFileReference; lastKnownFileType = wrapper.framework; name = CoreGraphics.framework; path = System/Library/Frameworks/CoreGraphics.framework; sourceTree = SDKROOT; };
		6003F591195388D20070C39A /* UIKit.framework */ = {isa = PBXFileReference; lastKnownFileType = wrapper.framework; name = UIKit.framework; path = System/Library/Frameworks/UIKit.framework; sourceTree = SDKROOT; };
		6003F595195388D20070C39A /* EZGLKit-Info.plist */ = {isa = PBXFileReference; lastKnownFileType = text.plist.xml; path = "EZGLKit-Info.plist"; sourceTree = "<group>"; };
		6003F597195388D20070C39A /* en */ = {isa = PBXFileReference; lastKnownFileType = text.plist.strings; name = en; path = en.lproj/InfoPlist.strings; sourceTree = "<group>"; };
		6003F599195388D20070C39A /* main.m */ = {isa = PBXFileReference; lastKnownFileType = sourcecode.c.objc; path = main.m; sourceTree = "<group>"; };
		6003F59B195388D20070C39A /* EZGLKit-Prefix.pch */ = {isa = PBXFileReference; lastKnownFileType = sourcecode.c.h; path = "EZGLKit-Prefix.pch"; sourceTree = "<group>"; };
		6003F59C195388D20070C39A /* EZGLAppDelegate.h */ = {isa = PBXFileReference; lastKnownFileType = sourcecode.c.h; path = EZGLAppDelegate.h; sourceTree = "<group>"; };
		6003F59D195388D20070C39A /* EZGLAppDelegate.m */ = {isa = PBXFileReference; lastKnownFileType = sourcecode.c.objc; path = EZGLAppDelegate.m; sourceTree = "<group>"; };
		6003F5A5195388D20070C39A /* EZGLViewController.h */ = {isa = PBXFileReference; lastKnownFileType = sourcecode.c.h; path = EZGLViewController.h; sourceTree = "<group>"; };
		6003F5A6195388D20070C39A /* EZGLViewController.m */ = {isa = PBXFileReference; lastKnownFileType = sourcecode.c.objc; path = EZGLViewController.m; sourceTree = "<group>"; };
		6003F5A8195388D20070C39A /* Images.xcassets */ = {isa = PBXFileReference; lastKnownFileType = folder.assetcatalog; path = Images.xcassets; sourceTree = "<group>"; };
		6003F5AE195388D20070C39A /* EZGLKit_Tests.xctest */ = {isa = PBXFileReference; explicitFileType = wrapper.cfbundle; includeInIndex = 0; path = EZGLKit_Tests.xctest; sourceTree = BUILT_PRODUCTS_DIR; };
		6003F5AF195388D20070C39A /* XCTest.framework */ = {isa = PBXFileReference; lastKnownFileType = wrapper.framework; name = XCTest.framework; path = Library/Frameworks/XCTest.framework; sourceTree = DEVELOPER_DIR; };
		6003F5B7195388D20070C39A /* Tests-Info.plist */ = {isa = PBXFileReference; lastKnownFileType = text.plist.xml; path = "Tests-Info.plist"; sourceTree = "<group>"; };
		6003F5B9195388D20070C39A /* en */ = {isa = PBXFileReference; lastKnownFileType = text.plist.strings; name = en; path = en.lproj/InfoPlist.strings; sourceTree = "<group>"; };
		6003F5BB195388D20070C39A /* Tests.m */ = {isa = PBXFileReference; lastKnownFileType = sourcecode.c.objc; path = Tests.m; sourceTree = "<group>"; };
		606FC2411953D9B200FFA9A0 /* Tests-Prefix.pch */ = {isa = PBXFileReference; lastKnownFileType = sourcecode.c.h; path = "Tests-Prefix.pch"; sourceTree = "<group>"; };
		873B8AEA1B1F5CCA007FD442 /* Main.storyboard */ = {isa = PBXFileReference; fileEncoding = 4; lastKnownFileType = file.storyboard; path = Main.storyboard; sourceTree = "<group>"; };
		8E0F307E1DBDFFAA00F54680 /* EZGLBasicTriangleViewController.h */ = {isa = PBXFileReference; fileEncoding = 4; lastKnownFileType = sourcecode.c.h; path = EZGLBasicTriangleViewController.h; sourceTree = "<group>"; };
		8E0F307F1DBDFFAA00F54680 /* EZGLBasicTriangleViewController.m */ = {isa = PBXFileReference; fileEncoding = 4; lastKnownFileType = sourcecode.c.objc; path = EZGLBasicTriangleViewController.m; sourceTree = "<group>"; };
		8E361FED1DC7343900073685 /* EZGLCubeWithBumpTextureViewController.h */ = {isa = PBXFileReference; fileEncoding = 4; lastKnownFileType = sourcecode.c.h; path = EZGLCubeWithBumpTextureViewController.h; sourceTree = "<group>"; };
		8E361FEE1DC7343900073685 /* EZGLCubeWithBumpTextureViewController.m */ = {isa = PBXFileReference; fileEncoding = 4; lastKnownFileType = sourcecode.c.objc; path = EZGLCubeWithBumpTextureViewController.m; sourceTree = "<group>"; };
		8E5577011DC71A910096E198 /* EZGLCubeWithTextureLightViewController.h */ = {isa = PBXFileReference; fileEncoding = 4; lastKnownFileType = sourcecode.c.h; path = EZGLCubeWithTextureLightViewController.h; sourceTree = "<group>"; };
		8E5577021DC71A910096E198 /* EZGLCubeWithTextureLightViewController.m */ = {isa = PBXFileReference; fileEncoding = 4; lastKnownFileType = sourcecode.c.objc; path = EZGLCubeWithTextureLightViewController.m; sourceTree = "<group>"; };
		8EA173691DC1E41B002AC00E /* EZGLCubePanoramaViewController.h */ = {isa = PBXFileReference; fileEncoding = 4; lastKnownFileType = sourcecode.c.h; path = EZGLCubePanoramaViewController.h; sourceTree = "<group>"; };
		8EA1736A1DC1E41B002AC00E /* EZGLCubePanoramaViewController.m */ = {isa = PBXFileReference; fileEncoding = 4; lastKnownFileType = sourcecode.c.objc; path = EZGLCubePanoramaViewController.m; sourceTree = "<group>"; };
		8EA1736C1DC1E4B0002AC00E /* sphere3.jpg */ = {isa = PBXFileReference; lastKnownFileType = image.jpeg; name = sphere3.jpg; path = Resources/sphere3.jpg; sourceTree = "<group>"; };
		8EA1736E1DC1E642002AC00E /* sphere4.jpg */ = {isa = PBXFileReference; lastKnownFileType = image.jpeg; name = sphere4.jpg; path = Resources/sphere4.jpg; sourceTree = "<group>"; };
		8EA7A1B81DD443BA00B2FEC9 /* cube4.mtl */ = {isa = PBXFileReference; fileEncoding = 4; lastKnownFileType = text; name = cube4.mtl; path = Resources/cube4.mtl; sourceTree = "<group>"; };
		8EA7A1B91DD443BA00B2FEC9 /* cube4.obj */ = {isa = PBXFileReference; fileEncoding = 4; lastKnownFileType = text; name = cube4.obj; path = Resources/cube4.obj; sourceTree = "<group>"; };
		8EA7A1BC1DD444B100B2FEC9 /* normal.jpg */ = {isa = PBXFileReference; lastKnownFileType = image.jpeg; name = normal.jpg; path = Resources/normal.jpg; sourceTree = "<group>"; };
		8EA7A1BE1DD444B100B2FEC9 /* default_normal.png */ = {isa = PBXFileReference; lastKnownFileType = image.png; name = default_normal.png; path = Resources/default_normal.png; sourceTree = "<group>"; };
		8EA7A1BF1DD444B100B2FEC9 /* default_spec.png */ = {isa = PBXFileReference; lastKnownFileType = image.png; name = default_spec.png; path = Resources/default_spec.png; sourceTree = "<group>"; };
		8EA7A1C01DD444B100B2FEC9 /* default.jpg */ = {isa = PBXFileReference; lastKnownFileType = image.jpeg; name = default.jpg; path = Resources/default.jpg; sourceTree = "<group>"; };
		8EA7A1C11DD444B100B2FEC9 /* wood_02.jpg */ = {isa = PBXFileReference; lastKnownFileType = image.jpeg; name = wood_02.jpg; path = Resources/wood_02.jpg; sourceTree = "<group>"; };
		8EA7A1C21DD444B100B2FEC9 /* wood_03.jpg */ = {isa = PBXFileReference; lastKnownFileType = image.jpeg; name = wood_03.jpg; path = Resources/wood_03.jpg; sourceTree = "<group>"; };
		8EA7A1CA1DD567A200B2FEC9 /* metal_normal.png */ = {isa = PBXFileReference; lastKnownFileType = image.png; name = metal_normal.png; path = Resources/metal_normal.png; sourceTree = "<group>"; };
		8EA7A1CB1DD567A200B2FEC9 /* metal_SPEC.png */ = {isa = PBXFileReference; lastKnownFileType = image.png; name = metal_SPEC.png; path = Resources/metal_SPEC.png; sourceTree = "<group>"; };
		8EA7A1CC1DD567A200B2FEC9 /* metal.jpg */ = {isa = PBXFileReference; lastKnownFileType = image.jpeg; name = metal.jpg; path = Resources/metal.jpg; sourceTree = "<group>"; };
		8EA7A2111DD5BC0000B2FEC9 /* EZGLBaseViewController.h */ = {isa = PBXFileReference; fileEncoding = 4; lastKnownFileType = sourcecode.c.h; path = EZGLBaseViewController.h; sourceTree = "<group>"; };
		8EA7A2121DD5BC0000B2FEC9 /* EZGLBaseViewController.m */ = {isa = PBXFileReference; fileEncoding = 4; lastKnownFileType = sourcecode.c.objc; path = EZGLBaseViewController.m; sourceTree = "<group>"; };
		8EA7A21A1DD5CC9C00B2FEC9 /* box.jpg */ = {isa = PBXFileReference; lastKnownFileType = image.jpeg; path = box.jpg; sourceTree = "<group>"; };
		8EA7A21B1DD5CC9C00B2FEC9 /* box_normal.png */ = {isa = PBXFileReference; lastKnownFileType = image.png; path = box_normal.png; sourceTree = "<group>"; };
		8EA7A21C1DD5CC9C00B2FEC9 /* box_spec.png */ = {isa = PBXFileReference; lastKnownFileType = image.png; path = box_spec.png; sourceTree = "<group>"; };
		8EA7A21D1DD5CC9C00B2FEC9 /* demo1_000001.mtl */ = {isa = PBXFileReference; fileEncoding = 4; lastKnownFileType = text; path = demo1_000001.mtl; sourceTree = "<group>"; };
		8EA7A21E1DD5CC9C00B2FEC9 /* demo1_000001.obj */ = {isa = PBXFileReference; fileEncoding = 4; lastKnownFileType = text; path = demo1_000001.obj; sourceTree = "<group>"; };
		8EA7A2251DD5CCB900B2FEC9 /* EZGLLoadSceneViewController.h */ = {isa = PBXFileReference; fileEncoding = 4; lastKnownFileType = sourcecode.c.h; path = EZGLLoadSceneViewController.h; sourceTree = "<group>"; };
		8EA7A2261DD5CCB900B2FEC9 /* EZGLLoadSceneViewController.m */ = {isa = PBXFileReference; fileEncoding = 4; lastKnownFileType = sourcecode.c.objc; path = EZGLLoadSceneViewController.m; sourceTree = "<group>"; };
		8EA7A2281DD5CFB100B2FEC9 /* grass.jpg */ = {isa = PBXFileReference; lastKnownFileType = image.jpeg; path = grass.jpg; sourceTree = "<group>"; };
		8ED4732D1DC1CE100035F011 /* ball3.mtl */ = {isa = PBXFileReference; fileEncoding = 4; lastKnownFileType = text; name = ball3.mtl; path = Resources/ball3.mtl; sourceTree = "<group>"; };
		8ED4732E1DC1CE100035F011 /* ball3.obj */ = {isa = PBXFileReference; fileEncoding = 4; lastKnownFileType = text; name = ball3.obj; path = Resources/ball3.obj; sourceTree = "<group>"; };
		ACB722C94CFF447CCFA4C7BA /* README.md */ = {isa = PBXFileReference; includeInIndex = 1; lastKnownFileType = net.daringfireball.markdown; name = README.md; path = ../README.md; sourceTree = "<group>"; };
		B3F37E7B44058075289CA397 /* Pods-EZGLKit_Example.release.xcconfig */ = {isa = PBXFileReference; includeInIndex = 1; lastKnownFileType = text.xcconfig; name = "Pods-EZGLKit_Example.release.xcconfig"; path = "Pods/Target Support Files/Pods-EZGLKit_Example/Pods-EZGLKit_Example.release.xcconfig"; sourceTree = "<group>"; };
		BF00AC56A3E31A9742AB668F /* Pods-EZGLKit_Tests.debug.xcconfig */ = {isa = PBXFileReference; includeInIndex = 1; lastKnownFileType = text.xcconfig; name = "Pods-EZGLKit_Tests.debug.xcconfig"; path = "Pods/Target Support Files/Pods-EZGLKit_Tests/Pods-EZGLKit_Tests.debug.xcconfig"; sourceTree = "<group>"; };
		CEF86E68B182B9A72A642328 /* EZGLKit.podspec */ = {isa = PBXFileReference; includeInIndex = 1; lastKnownFileType = text; name = EZGLKit.podspec; path = ../EZGLKit.podspec; sourceTree = "<group>"; xcLanguageSpecificationIdentifier = xcode.lang.ruby; };
		D07D7CF16BD0419E06B3E484 /* Pods-EZGLKit_Tests.release.xcconfig */ = {isa = PBXFileReference; includeInIndex = 1; lastKnownFileType = text.xcconfig; name = "Pods-EZGLKit_Tests.release.xcconfig"; path = "Pods/Target Support Files/Pods-EZGLKit_Tests/Pods-EZGLKit_Tests.release.xcconfig"; sourceTree = "<group>"; };
		D30FF4F11DBA4260006A2A68 /* EZGLBasicCubeViewController.h */ = {isa = PBXFileReference; fileEncoding = 4; lastKnownFileType = sourcecode.c.h; path = EZGLBasicCubeViewController.h; sourceTree = "<group>"; };
		D30FF4F21DBA4260006A2A68 /* EZGLBasicCubeViewController.m */ = {isa = PBXFileReference; fileEncoding = 4; lastKnownFileType = sourcecode.c.objc; path = EZGLBasicCubeViewController.m; sourceTree = "<group>"; };
		D32DF9961DBA818800EBED91 /* cube3.obj */ = {isa = PBXFileReference; fileEncoding = 4; lastKnownFileType = text; name = cube3.obj; path = Resources/cube3.obj; sourceTree = "<group>"; };
		D32DF9971DBA818800EBED91 /* cube3.mtl */ = {isa = PBXFileReference; fileEncoding = 4; lastKnownFileType = text; name = cube3.mtl; path = Resources/cube3.mtl; sourceTree = "<group>"; };
		D381B3B81DBA647000FB0829 /* libstdc++.6.tbd */ = {isa = PBXFileReference; lastKnownFileType = "sourcecode.text-based-dylib-definition"; name = "libstdc++.6.tbd"; path = "usr/lib/libstdc++.6.tbd"; sourceTree = SDKROOT; };
		D3C9FD871DC0F050004E7AE1 /* EZGLSpherePanoramaViewController.h */ = {isa = PBXFileReference; fileEncoding = 4; lastKnownFileType = sourcecode.c.h; path = EZGLSpherePanoramaViewController.h; sourceTree = "<group>"; };
		D3C9FD881DC0F050004E7AE1 /* EZGLSpherePanoramaViewController.m */ = {isa = PBXFileReference; fileEncoding = 4; lastKnownFileType = sourcecode.c.objc; path = EZGLSpherePanoramaViewController.m; sourceTree = "<group>"; };
		D3C9FD8A1DC0F149004E7AE1 /* sphere.jpg */ = {isa = PBXFileReference; lastKnownFileType = image.jpeg; name = sphere.jpg; path = Resources/sphere.jpg; sourceTree = "<group>"; };
		D3C9FD8B1DC0F149004E7AE1 /* ball2.mtl */ = {isa = PBXFileReference; fileEncoding = 4; lastKnownFileType = text; name = ball2.mtl; path = Resources/ball2.mtl; sourceTree = "<group>"; };
		D3C9FD8C1DC0F149004E7AE1 /* ball2.obj */ = {isa = PBXFileReference; fileEncoding = 4; lastKnownFileType = text; name = ball2.obj; path = Resources/ball2.obj; sourceTree = "<group>"; };
		D3C9FD901DC0F6D4004E7AE1 /* sphere1.jpg */ = {isa = PBXFileReference; lastKnownFileType = image.jpeg; name = sphere1.jpg; path = Resources/sphere1.jpg; sourceTree = "<group>"; };
		D3C9FDA11DC25693004E7AE1 /* EZGLCubeWithTextureViewController.h */ = {isa = PBXFileReference; fileEncoding = 4; lastKnownFileType = sourcecode.c.h; path = EZGLCubeWithTextureViewController.h; sourceTree = "<group>"; };
		D3C9FDA21DC25693004E7AE1 /* EZGLCubeWithTextureViewController.m */ = {isa = PBXFileReference; fileEncoding = 4; lastKnownFileType = sourcecode.c.objc; path = EZGLCubeWithTextureViewController.m; sourceTree = "<group>"; };
		D3EA001B1DD89E2C0039231D /* EZGLMoveJoySticker.h */ = {isa = PBXFileReference; fileEncoding = 4; lastKnownFileType = sourcecode.c.h; path = EZGLMoveJoySticker.h; sourceTree = "<group>"; };
		D3EA001C1DD89E2C0039231D /* EZGLMoveJoySticker.m */ = {isa = PBXFileReference; fileEncoding = 4; lastKnownFileType = sourcecode.c.objc; path = EZGLMoveJoySticker.m; sourceTree = "<group>"; };
		D3EA001E1DD89ED90039231D /* EZGLMoveJoyStickerDelegate.h */ = {isa = PBXFileReference; fileEncoding = 4; lastKnownFileType = sourcecode.c.h; path = EZGLMoveJoyStickerDelegate.h; sourceTree = "<group>"; };
		D3EA00201DD8ACA90039231D /* EZGLSimplePhysicsViewController.h */ = {isa = PBXFileReference; fileEncoding = 4; lastKnownFileType = sourcecode.c.h; path = EZGLSimplePhysicsViewController.h; sourceTree = "<group>"; };
		D3EA00211DD8ACA90039231D /* EZGLSimplePhysicsViewController.m */ = {isa = PBXFileReference; fileEncoding = 4; lastKnownFileType = sourcecode.c.objc; path = EZGLSimplePhysicsViewController.m; sourceTree = "<group>"; };
		D3EA00241DD8B7C40039231D /* EZGLBasicGeometriesViewController.h */ = {isa = PBXFileReference; fileEncoding = 4; lastKnownFileType = sourcecode.c.h; path = EZGLBasicGeometriesViewController.h; sourceTree = "<group>"; };
		D3EA00251DD8B7C40039231D /* EZGLBasicGeometriesViewController.m */ = {isa = PBXFileReference; fileEncoding = 4; lastKnownFileType = sourcecode.c.objc; path = EZGLBasicGeometriesViewController.m; sourceTree = "<group>"; };
		D79FD1F25812C2F5CA6082CD /* LICENSE */ = {isa = PBXFileReference; includeInIndex = 1; lastKnownFileType = text; name = LICENSE; path = ../LICENSE; sourceTree = "<group>"; };
		FE102A697C3C7FA9874D2744 /* libPods-EZGLKit_Example.a */ = {isa = PBXFileReference; explicitFileType = archive.ar; includeInIndex = 0; path = "libPods-EZGLKit_Example.a"; sourceTree = BUILT_PRODUCTS_DIR; };
/* End PBXFileReference section */

/* Begin PBXFrameworksBuildPhase section */
		6003F587195388D20070C39A /* Frameworks */ = {
			isa = PBXFrameworksBuildPhase;
			buildActionMask = 2147483647;
			files = (
				D381B3B91DBA647000FB0829 /* libstdc++.6.tbd in Frameworks */,
				6003F590195388D20070C39A /* CoreGraphics.framework in Frameworks */,
				6003F592195388D20070C39A /* UIKit.framework in Frameworks */,
				6003F58E195388D20070C39A /* Foundation.framework in Frameworks */,
				91A411BC925146DB4B9D6537 /* libPods-EZGLKit_Example.a in Frameworks */,
			);
			runOnlyForDeploymentPostprocessing = 0;
		};
		6003F5AB195388D20070C39A /* Frameworks */ = {
			isa = PBXFrameworksBuildPhase;
			buildActionMask = 2147483647;
			files = (
				6003F5B0195388D20070C39A /* XCTest.framework in Frameworks */,
				6003F5B2195388D20070C39A /* UIKit.framework in Frameworks */,
				6003F5B1195388D20070C39A /* Foundation.framework in Frameworks */,
				F28D411B08168914A80EFD08 /* libPods-EZGLKit_Tests.a in Frameworks */,
			);
			runOnlyForDeploymentPostprocessing = 0;
		};
/* End PBXFrameworksBuildPhase section */

/* Begin PBXGroup section */
		45AE8B194048100E36429ED4 /* Pods */ = {
			isa = PBXGroup;
			children = (
				253E0DA851FB2A51B07C7BEC /* Pods-EZGLKit_Example.debug.xcconfig */,
				B3F37E7B44058075289CA397 /* Pods-EZGLKit_Example.release.xcconfig */,
				BF00AC56A3E31A9742AB668F /* Pods-EZGLKit_Tests.debug.xcconfig */,
				D07D7CF16BD0419E06B3E484 /* Pods-EZGLKit_Tests.release.xcconfig */,
			);
			name = Pods;
			sourceTree = "<group>";
		};
		6003F581195388D10070C39A = {
			isa = PBXGroup;
			children = (
				60FF7A9C1954A5C5007DD14C /* Podspec Metadata */,
				6003F593195388D20070C39A /* Example for EZGLKit */,
				6003F5B5195388D20070C39A /* Tests */,
				6003F58C195388D20070C39A /* Frameworks */,
				6003F58B195388D20070C39A /* Products */,
				45AE8B194048100E36429ED4 /* Pods */,
			);
			sourceTree = "<group>";
		};
		6003F58B195388D20070C39A /* Products */ = {
			isa = PBXGroup;
			children = (
				6003F58A195388D20070C39A /* EZGLKit_Example.app */,
				6003F5AE195388D20070C39A /* EZGLKit_Tests.xctest */,
			);
			name = Products;
			sourceTree = "<group>";
		};
		6003F58C195388D20070C39A /* Frameworks */ = {
			isa = PBXGroup;
			children = (
				D381B3B81DBA647000FB0829 /* libstdc++.6.tbd */,
				6003F58D195388D20070C39A /* Foundation.framework */,
				6003F58F195388D20070C39A /* CoreGraphics.framework */,
				6003F591195388D20070C39A /* UIKit.framework */,
				6003F5AF195388D20070C39A /* XCTest.framework */,
				FE102A697C3C7FA9874D2744 /* libPods-EZGLKit_Example.a */,
				5D5B31F65B17DF330A25AFDD /* libPods-EZGLKit_Tests.a */,
			);
			name = Frameworks;
			sourceTree = "<group>";
		};
		6003F593195388D20070C39A /* Example for EZGLKit */ = {
			isa = PBXGroup;
			children = (
				8E9507531DBDFEAE00244415 /* Examples */,
				D32DF9951DBA816600EBED91 /* 3D Models */,
				D30FF4EF1DBA41E9006A2A68 /* Foundation */,
				6003F5A8195388D20070C39A /* Images.xcassets */,
				6003F594195388D20070C39A /* Supporting Files */,
			);
			name = "Example for EZGLKit";
			path = EZGLKit;
			sourceTree = "<group>";
		};
		6003F594195388D20070C39A /* Supporting Files */ = {
			isa = PBXGroup;
			children = (
				6003F595195388D20070C39A /* EZGLKit-Info.plist */,
				6003F596195388D20070C39A /* InfoPlist.strings */,
				6003F599195388D20070C39A /* main.m */,
				6003F59B195388D20070C39A /* EZGLKit-Prefix.pch */,
			);
			name = "Supporting Files";
			sourceTree = "<group>";
		};
		6003F5B5195388D20070C39A /* Tests */ = {
			isa = PBXGroup;
			children = (
				6003F5BB195388D20070C39A /* Tests.m */,
				6003F5B6195388D20070C39A /* Supporting Files */,
			);
			path = Tests;
			sourceTree = "<group>";
		};
		6003F5B6195388D20070C39A /* Supporting Files */ = {
			isa = PBXGroup;
			children = (
				6003F5B7195388D20070C39A /* Tests-Info.plist */,
				6003F5B8195388D20070C39A /* InfoPlist.strings */,
				606FC2411953D9B200FFA9A0 /* Tests-Prefix.pch */,
			);
			name = "Supporting Files";
			sourceTree = "<group>";
		};
		60FF7A9C1954A5C5007DD14C /* Podspec Metadata */ = {
			isa = PBXGroup;
			children = (
				CEF86E68B182B9A72A642328 /* EZGLKit.podspec */,
				ACB722C94CFF447CCFA4C7BA /* README.md */,
				D79FD1F25812C2F5CA6082CD /* LICENSE */,
			);
			name = "Podspec Metadata";
			sourceTree = "<group>";
		};
		8E361FEC1DC733F500073685 /* Cube With Bump Texture */ = {
			isa = PBXGroup;
			children = (
				8E361FED1DC7343900073685 /* EZGLCubeWithBumpTextureViewController.h */,
				8E361FEE1DC7343900073685 /* EZGLCubeWithBumpTextureViewController.m */,
			);
			name = "Cube With Bump Texture";
			sourceTree = "<group>";
		};
		8E5577001DC71A750096E198 /* Cube WithTexture & Light */ = {
			isa = PBXGroup;
			children = (
				8E5577011DC71A910096E198 /* EZGLCubeWithTextureLightViewController.h */,
				8E5577021DC71A910096E198 /* EZGLCubeWithTextureLightViewController.m */,
			);
			name = "Cube WithTexture & Light";
			sourceTree = "<group>";
		};
		8E9507531DBDFEAE00244415 /* Examples */ = {
			isa = PBXGroup;
			children = (
				D3EA00231DD8B78F0039231D /* Basic Geometries */,
				D3EA001F1DD8AC3B0039231D /* Physics With Bullet */,
				8EA7A2241DD5CCA300B2FEC9 /* Load Scene */,
				8E361FEC1DC733F500073685 /* Cube With Bump Texture */,
				8E5577001DC71A750096E198 /* Cube WithTexture & Light */,
				D3C9FDA01DC25678004E7AE1 /* Basic Cube With Texture */,
				8EA173681DC1E3E3002AC00E /* Cube Panorama */,
				D3C9FD861DC0F006004E7AE1 /* Sphere Panorama */,
				8E9507541DBDFEB700244415 /* Basic Triangle */,
				D30FF4F01DBA420B006A2A68 /* Basic Cube */,
				8EA7A2111DD5BC0000B2FEC9 /* EZGLBaseViewController.h */,
				8EA7A2121DD5BC0000B2FEC9 /* EZGLBaseViewController.m */,
				D3EA001B1DD89E2C0039231D /* EZGLMoveJoySticker.h */,
				D3EA001C1DD89E2C0039231D /* EZGLMoveJoySticker.m */,
				D3EA001E1DD89ED90039231D /* EZGLMoveJoyStickerDelegate.h */,
			);
			name = Examples;
			sourceTree = "<group>";
		};
		8E9507541DBDFEB700244415 /* Basic Triangle */ = {
			isa = PBXGroup;
			children = (
				8E0F307E1DBDFFAA00F54680 /* EZGLBasicTriangleViewController.h */,
				8E0F307F1DBDFFAA00F54680 /* EZGLBasicTriangleViewController.m */,
			);
			name = "Basic Triangle";
			sourceTree = "<group>";
		};
		8EA173681DC1E3E3002AC00E /* Cube Panorama */ = {
			isa = PBXGroup;
			children = (
				8EA173691DC1E41B002AC00E /* EZGLCubePanoramaViewController.h */,
				8EA1736A1DC1E41B002AC00E /* EZGLCubePanoramaViewController.m */,
			);
			name = "Cube Panorama";
			sourceTree = "<group>";
		};
		8EA7A2181DD5CC9C00B2FEC9 /* Scenes */ = {
			isa = PBXGroup;
			children = (
				8EA7A2191DD5CC9C00B2FEC9 /* demo1 */,
			);
			name = Scenes;
			path = Resources/Scenes;
			sourceTree = "<group>";
		};
		8EA7A2191DD5CC9C00B2FEC9 /* demo1 */ = {
			isa = PBXGroup;
			children = (
				8EA7A2281DD5CFB100B2FEC9 /* grass.jpg */,
				8EA7A21A1DD5CC9C00B2FEC9 /* box.jpg */,
				8EA7A21B1DD5CC9C00B2FEC9 /* box_normal.png */,
				8EA7A21C1DD5CC9C00B2FEC9 /* box_spec.png */,
				8EA7A21D1DD5CC9C00B2FEC9 /* demo1_000001.mtl */,
				8EA7A21E1DD5CC9C00B2FEC9 /* demo1_000001.obj */,
			);
			path = demo1;
			sourceTree = "<group>";
		};
		8EA7A2241DD5CCA300B2FEC9 /* Load Scene */ = {
			isa = PBXGroup;
			children = (
				8EA7A2251DD5CCB900B2FEC9 /* EZGLLoadSceneViewController.h */,
				8EA7A2261DD5CCB900B2FEC9 /* EZGLLoadSceneViewController.m */,
			);
			name = "Load Scene";
			sourceTree = "<group>";
		};
		D30FF4EF1DBA41E9006A2A68 /* Foundation */ = {
			isa = PBXGroup;
			children = (
				6003F59C195388D20070C39A /* EZGLAppDelegate.h */,
				6003F59D195388D20070C39A /* EZGLAppDelegate.m */,
				873B8AEA1B1F5CCA007FD442 /* Main.storyboard */,
				6003F5A5195388D20070C39A /* EZGLViewController.h */,
				6003F5A6195388D20070C39A /* EZGLViewController.m */,
			);
			name = Foundation;
			sourceTree = "<group>";
		};
		D30FF4F01DBA420B006A2A68 /* Basic Cube */ = {
			isa = PBXGroup;
			children = (
				D30FF4F11DBA4260006A2A68 /* EZGLBasicCubeViewController.h */,
				D30FF4F21DBA4260006A2A68 /* EZGLBasicCubeViewController.m */,
			);
			name = "Basic Cube";
			sourceTree = "<group>";
		};
		D32DF9951DBA816600EBED91 /* 3D Models */ = {
			isa = PBXGroup;
			children = (
				8EA7A2181DD5CC9C00B2FEC9 /* Scenes */,
				8EA7A1CA1DD567A200B2FEC9 /* metal_normal.png */,
				8EA7A1CB1DD567A200B2FEC9 /* metal_SPEC.png */,
				8EA7A1CC1DD567A200B2FEC9 /* metal.jpg */,
				8EA7A1BC1DD444B100B2FEC9 /* normal.jpg */,
				8EA7A1BE1DD444B100B2FEC9 /* default_normal.png */,
				8EA7A1BF1DD444B100B2FEC9 /* default_spec.png */,
				8EA7A1C01DD444B100B2FEC9 /* default.jpg */,
				8EA7A1C11DD444B100B2FEC9 /* wood_02.jpg */,
				8EA7A1C21DD444B100B2FEC9 /* wood_03.jpg */,
				8EA7A1B81DD443BA00B2FEC9 /* cube4.mtl */,
				8EA7A1B91DD443BA00B2FEC9 /* cube4.obj */,
				8EA1736E1DC1E642002AC00E /* sphere4.jpg */,
				8EA1736C1DC1E4B0002AC00E /* sphere3.jpg */,
				8ED4732D1DC1CE100035F011 /* ball3.mtl */,
				8ED4732E1DC1CE100035F011 /* ball3.obj */,
				D3C9FD901DC0F6D4004E7AE1 /* sphere1.jpg */,
				D3C9FD8A1DC0F149004E7AE1 /* sphere.jpg */,
				D3C9FD8B1DC0F149004E7AE1 /* ball2.mtl */,
				D3C9FD8C1DC0F149004E7AE1 /* ball2.obj */,
				D32DF9961DBA818800EBED91 /* cube3.obj */,
				D32DF9971DBA818800EBED91 /* cube3.mtl */,
			);
			name = "3D Models";
			sourceTree = "<group>";
		};
		D3C9FD861DC0F006004E7AE1 /* Sphere Panorama */ = {
			isa = PBXGroup;
			children = (
				D3C9FD871DC0F050004E7AE1 /* EZGLSpherePanoramaViewController.h */,
				D3C9FD881DC0F050004E7AE1 /* EZGLSpherePanoramaViewController.m */,
			);
			name = "Sphere Panorama";
			sourceTree = "<group>";
		};
		D3C9FDA01DC25678004E7AE1 /* Basic Cube With Texture */ = {
			isa = PBXGroup;
			children = (
				D3C9FDA11DC25693004E7AE1 /* EZGLCubeWithTextureViewController.h */,
				D3C9FDA21DC25693004E7AE1 /* EZGLCubeWithTextureViewController.m */,
			);
			name = "Basic Cube With Texture";
			sourceTree = "<group>";
		};
		D3EA001F1DD8AC3B0039231D /* Physics With Bullet */ = {
			isa = PBXGroup;
			children = (
				D3EA00201DD8ACA90039231D /* EZGLSimplePhysicsViewController.h */,
				D3EA00211DD8ACA90039231D /* EZGLSimplePhysicsViewController.m */,
			);
			name = "Physics With Bullet";
			sourceTree = "<group>";
		};
		D3EA00231DD8B78F0039231D /* Basic Geometries */ = {
			isa = PBXGroup;
			children = (
				D3EA00241DD8B7C40039231D /* EZGLBasicGeometriesViewController.h */,
				D3EA00251DD8B7C40039231D /* EZGLBasicGeometriesViewController.m */,
			);
			name = "Basic Geometries";
			sourceTree = "<group>";
		};
/* End PBXGroup section */

/* Begin PBXNativeTarget section */
		6003F589195388D20070C39A /* EZGLKit_Example */ = {
			isa = PBXNativeTarget;
			buildConfigurationList = 6003F5BF195388D20070C39A /* Build configuration list for PBXNativeTarget "EZGLKit_Example" */;
			buildPhases = (
				A81273D092777D4F81C85ECB /* [CP] Check Pods Manifest.lock */,
				6003F586195388D20070C39A /* Sources */,
				6003F587195388D20070C39A /* Frameworks */,
				6003F588195388D20070C39A /* Resources */,
				F21A388D246BBCD4DF162D76 /* [CP] Embed Pods Frameworks */,
				912795037BACC0CFCCBDA95C /* [CP] Copy Pods Resources */,
			);
			buildRules = (
			);
			dependencies = (
			);
			name = EZGLKit_Example;
			productName = EZGLKit;
			productReference = 6003F58A195388D20070C39A /* EZGLKit_Example.app */;
			productType = "com.apple.product-type.application";
		};
		6003F5AD195388D20070C39A /* EZGLKit_Tests */ = {
			isa = PBXNativeTarget;
			buildConfigurationList = 6003F5C2195388D20070C39A /* Build configuration list for PBXNativeTarget "EZGLKit_Tests" */;
			buildPhases = (
				260A25C61CB58CC833F97960 /* [CP] Check Pods Manifest.lock */,
				6003F5AA195388D20070C39A /* Sources */,
				6003F5AB195388D20070C39A /* Frameworks */,
				6003F5AC195388D20070C39A /* Resources */,
				CB134545FC81CC7F564C9D36 /* [CP] Embed Pods Frameworks */,
				2E3CE0FFA78DD7109ADDE6A2 /* [CP] Copy Pods Resources */,
			);
			buildRules = (
			);
			dependencies = (
				6003F5B4195388D20070C39A /* PBXTargetDependency */,
			);
			name = EZGLKit_Tests;
			productName = EZGLKitTests;
			productReference = 6003F5AE195388D20070C39A /* EZGLKit_Tests.xctest */;
			productType = "com.apple.product-type.bundle.unit-test";
		};
/* End PBXNativeTarget section */

/* Begin PBXProject section */
		6003F582195388D10070C39A /* Project object */ = {
			isa = PBXProject;
			attributes = {
				CLASSPREFIX = EZGL;
				LastUpgradeCheck = 0720;
				ORGANIZATIONNAME = ocean;
				TargetAttributes = {
					6003F589195388D20070C39A = {
						DevelopmentTeam = P48344HVQL;
					};
					6003F5AD195388D20070C39A = {
						LastSwiftMigration = 0800;
						TestTargetID = 6003F589195388D20070C39A;
					};
				};
			};
			buildConfigurationList = 6003F585195388D10070C39A /* Build configuration list for PBXProject "EZGLKit" */;
			compatibilityVersion = "Xcode 3.2";
			developmentRegion = English;
			hasScannedForEncodings = 0;
			knownRegions = (
				en,
				Base,
			);
			mainGroup = 6003F581195388D10070C39A;
			productRefGroup = 6003F58B195388D20070C39A /* Products */;
			projectDirPath = "";
			projectRoot = "";
			targets = (
				6003F589195388D20070C39A /* EZGLKit_Example */,
				6003F5AD195388D20070C39A /* EZGLKit_Tests */,
			);
		};
/* End PBXProject section */

/* Begin PBXResourcesBuildPhase section */
		6003F588195388D20070C39A /* Resources */ = {
			isa = PBXResourcesBuildPhase;
			buildActionMask = 2147483647;
			files = (
				8EA7A1CD1DD567A200B2FEC9 /* metal_normal.png in Resources */,
				8EA1736F1DC1E642002AC00E /* sphere4.jpg in Resources */,
				8EA7A21F1DD5CC9C00B2FEC9 /* box.jpg in Resources */,
				D32DF9981DBA818800EBED91 /* cube3.obj in Resources */,
				8EA7A2201DD5CC9C00B2FEC9 /* box_normal.png in Resources */,
				8EA7A1CF1DD567A200B2FEC9 /* metal.jpg in Resources */,
				8EA7A1C51DD444B100B2FEC9 /* default_normal.png in Resources */,
				8EA7A1CE1DD567A200B2FEC9 /* metal_SPEC.png in Resources */,
				8EA7A1C31DD444B100B2FEC9 /* normal.jpg in Resources */,
				8EA7A2221DD5CC9C00B2FEC9 /* demo1_000001.mtl in Resources */,
				873B8AEB1B1F5CCA007FD442 /* Main.storyboard in Resources */,
				8ED4732F1DC1CE100035F011 /* ball3.mtl in Resources */,
				8EA7A2291DD5CFB100B2FEC9 /* grass.jpg in Resources */,
				8EA7A1C81DD444B100B2FEC9 /* wood_02.jpg in Resources */,
				8EA7A1C71DD444B100B2FEC9 /* default.jpg in Resources */,
				D3C9FD8E1DC0F149004E7AE1 /* ball2.mtl in Resources */,
				8EA1736D1DC1E4B0002AC00E /* sphere3.jpg in Resources */,
				8EA7A1C91DD444B100B2FEC9 /* wood_03.jpg in Resources */,
				8EA7A1BB1DD443BA00B2FEC9 /* cube4.obj in Resources */,
				D3C9FD8D1DC0F149004E7AE1 /* sphere.jpg in Resources */,
				8EA7A1C61DD444B100B2FEC9 /* default_spec.png in Resources */,
				8EA7A2211DD5CC9C00B2FEC9 /* box_spec.png in Resources */,
				8EA7A1BA1DD443BA00B2FEC9 /* cube4.mtl in Resources */,
				6003F5A9195388D20070C39A /* Images.xcassets in Resources */,
				8ED473301DC1CE100035F011 /* ball3.obj in Resources */,
				D32DF9991DBA818800EBED91 /* cube3.mtl in Resources */,
				6003F598195388D20070C39A /* InfoPlist.strings in Resources */,
				D3C9FD911DC0F6D4004E7AE1 /* sphere1.jpg in Resources */,
				8EA7A2231DD5CC9C00B2FEC9 /* demo1_000001.obj in Resources */,
				D3C9FD8F1DC0F149004E7AE1 /* ball2.obj in Resources */,
			);
			runOnlyForDeploymentPostprocessing = 0;
		};
		6003F5AC195388D20070C39A /* Resources */ = {
			isa = PBXResourcesBuildPhase;
			buildActionMask = 2147483647;
			files = (
				6003F5BA195388D20070C39A /* InfoPlist.strings in Resources */,
			);
			runOnlyForDeploymentPostprocessing = 0;
		};
/* End PBXResourcesBuildPhase section */

/* Begin PBXShellScriptBuildPhase section */
		260A25C61CB58CC833F97960 /* [CP] Check Pods Manifest.lock */ = {
			isa = PBXShellScriptBuildPhase;
			buildActionMask = 2147483647;
			files = (
			);
			inputPaths = (
			);
			name = "[CP] Check Pods Manifest.lock";
			outputPaths = (
			);
			runOnlyForDeploymentPostprocessing = 0;
			shellPath = /bin/sh;
			shellScript = "diff \"${PODS_ROOT}/../Podfile.lock\" \"${PODS_ROOT}/Manifest.lock\" > /dev/null\nif [ $? != 0 ] ; then\n    # print error to STDERR\n    echo \"error: The sandbox is not in sync with the Podfile.lock. Run 'pod install' or update your CocoaPods installation.\" >&2\n    exit 1\nfi\n";
			showEnvVarsInLog = 0;
		};
		2E3CE0FFA78DD7109ADDE6A2 /* [CP] Copy Pods Resources */ = {
			isa = PBXShellScriptBuildPhase;
			buildActionMask = 2147483647;
			files = (
			);
			inputPaths = (
			);
			name = "[CP] Copy Pods Resources";
			outputPaths = (
			);
			runOnlyForDeploymentPostprocessing = 0;
			shellPath = /bin/sh;
			shellScript = "\"${SRCROOT}/Pods/Target Support Files/Pods-EZGLKit_Tests/Pods-EZGLKit_Tests-resources.sh\"\n";
			showEnvVarsInLog = 0;
		};
		912795037BACC0CFCCBDA95C /* [CP] Copy Pods Resources */ = {
			isa = PBXShellScriptBuildPhase;
			buildActionMask = 2147483647;
			files = (
			);
			inputPaths = (
			);
			name = "[CP] Copy Pods Resources";
			outputPaths = (
			);
			runOnlyForDeploymentPostprocessing = 0;
			shellPath = /bin/sh;
			shellScript = "\"${SRCROOT}/Pods/Target Support Files/Pods-EZGLKit_Example/Pods-EZGLKit_Example-resources.sh\"\n";
			showEnvVarsInLog = 0;
		};
		A81273D092777D4F81C85ECB /* [CP] Check Pods Manifest.lock */ = {
			isa = PBXShellScriptBuildPhase;
			buildActionMask = 2147483647;
			files = (
			);
			inputPaths = (
			);
			name = "[CP] Check Pods Manifest.lock";
			outputPaths = (
			);
			runOnlyForDeploymentPostprocessing = 0;
			shellPath = /bin/sh;
			shellScript = "diff \"${PODS_ROOT}/../Podfile.lock\" \"${PODS_ROOT}/Manifest.lock\" > /dev/null\nif [ $? != 0 ] ; then\n    # print error to STDERR\n    echo \"error: The sandbox is not in sync with the Podfile.lock. Run 'pod install' or update your CocoaPods installation.\" >&2\n    exit 1\nfi\n";
			showEnvVarsInLog = 0;
		};
		CB134545FC81CC7F564C9D36 /* [CP] Embed Pods Frameworks */ = {
			isa = PBXShellScriptBuildPhase;
			buildActionMask = 2147483647;
			files = (
			);
			inputPaths = (
			);
			name = "[CP] Embed Pods Frameworks";
			outputPaths = (
			);
			runOnlyForDeploymentPostprocessing = 0;
			shellPath = /bin/sh;
			shellScript = "\"${SRCROOT}/Pods/Target Support Files/Pods-EZGLKit_Tests/Pods-EZGLKit_Tests-frameworks.sh\"\n";
			showEnvVarsInLog = 0;
		};
		F21A388D246BBCD4DF162D76 /* [CP] Embed Pods Frameworks */ = {
			isa = PBXShellScriptBuildPhase;
			buildActionMask = 2147483647;
			files = (
			);
			inputPaths = (
			);
			name = "[CP] Embed Pods Frameworks";
			outputPaths = (
			);
			runOnlyForDeploymentPostprocessing = 0;
			shellPath = /bin/sh;
			shellScript = "\"${SRCROOT}/Pods/Target Support Files/Pods-EZGLKit_Example/Pods-EZGLKit_Example-frameworks.sh\"\n";
			showEnvVarsInLog = 0;
		};
/* End PBXShellScriptBuildPhase section */

/* Begin PBXSourcesBuildPhase section */
		6003F586195388D20070C39A /* Sources */ = {
			isa = PBXSourcesBuildPhase;
			buildActionMask = 2147483647;
			files = (
				6003F59E195388D20070C39A /* EZGLAppDelegate.m in Sources */,
				8E361FEF1DC7343900073685 /* EZGLCubeWithBumpTextureViewController.m in Sources */,
				8EA7A2131DD5BC0000B2FEC9 /* EZGLBaseViewController.m in Sources */,
				8E0F30801DBDFFAA00F54680 /* EZGLBasicTriangleViewController.m in Sources */,
				D3C9FD891DC0F050004E7AE1 /* EZGLSpherePanoramaViewController.m in Sources */,
				D3C9FDA31DC25693004E7AE1 /* EZGLCubeWithTextureViewController.m in Sources */,
				D3EA00261DD8B7C40039231D /* EZGLBasicGeometriesViewController.m in Sources */,
				6003F5A7195388D20070C39A /* EZGLViewController.m in Sources */,
				8E5577031DC71A910096E198 /* EZGLCubeWithTextureLightViewController.m in Sources */,
				8EA1736B1DC1E41B002AC00E /* EZGLCubePanoramaViewController.m in Sources */,
				6003F59A195388D20070C39A /* main.m in Sources */,
				D3EA00221DD8ACA90039231D /* EZGLSimplePhysicsViewController.m in Sources */,
				D30FF4F31DBA4260006A2A68 /* EZGLBasicCubeViewController.m in Sources */,
				8EA7A2271DD5CCB900B2FEC9 /* EZGLLoadSceneViewController.m in Sources */,
				D3EA001D1DD89E2C0039231D /* EZGLMoveJoySticker.m in Sources */,
			);
			runOnlyForDeploymentPostprocessing = 0;
		};
		6003F5AA195388D20070C39A /* Sources */ = {
			isa = PBXSourcesBuildPhase;
			buildActionMask = 2147483647;
			files = (
				6003F5BC195388D20070C39A /* Tests.m in Sources */,
			);
			runOnlyForDeploymentPostprocessing = 0;
		};
/* End PBXSourcesBuildPhase section */

/* Begin PBXTargetDependency section */
		6003F5B4195388D20070C39A /* PBXTargetDependency */ = {
			isa = PBXTargetDependency;
			target = 6003F589195388D20070C39A /* EZGLKit_Example */;
			targetProxy = 6003F5B3195388D20070C39A /* PBXContainerItemProxy */;
		};
/* End PBXTargetDependency section */

/* Begin PBXVariantGroup section */
		6003F596195388D20070C39A /* InfoPlist.strings */ = {
			isa = PBXVariantGroup;
			children = (
				6003F597195388D20070C39A /* en */,
			);
			name = InfoPlist.strings;
			sourceTree = "<group>";
		};
		6003F5B8195388D20070C39A /* InfoPlist.strings */ = {
			isa = PBXVariantGroup;
			children = (
				6003F5B9195388D20070C39A /* en */,
			);
			name = InfoPlist.strings;
			sourceTree = "<group>";
		};
/* End PBXVariantGroup section */

/* Begin XCBuildConfiguration section */
		6003F5BD195388D20070C39A /* Debug */ = {
			isa = XCBuildConfiguration;
			buildSettings = {
				ALWAYS_SEARCH_USER_PATHS = NO;
				CLANG_CXX_LANGUAGE_STANDARD = "gnu++0x";
				CLANG_CXX_LIBRARY = "libc++";
				CLANG_ENABLE_MODULES = YES;
				CLANG_ENABLE_OBJC_ARC = YES;
				CLANG_WARN_BOOL_CONVERSION = YES;
				CLANG_WARN_CONSTANT_CONVERSION = YES;
				CLANG_WARN_DIRECT_OBJC_ISA_USAGE = YES_ERROR;
				CLANG_WARN_EMPTY_BODY = YES;
				CLANG_WARN_ENUM_CONVERSION = YES;
				CLANG_WARN_INT_CONVERSION = YES;
				CLANG_WARN_OBJC_ROOT_CLASS = YES_ERROR;
				CLANG_WARN__DUPLICATE_METHOD_MATCH = YES;
				"CODE_SIGN_IDENTITY[sdk=iphoneos*]" = "iPhone Developer";
				COPY_PHASE_STRIP = NO;
				ENABLE_TESTABILITY = YES;
				GCC_C_LANGUAGE_STANDARD = gnu99;
				GCC_DYNAMIC_NO_PIC = NO;
				GCC_OPTIMIZATION_LEVEL = 0;
				GCC_PREPROCESSOR_DEFINITIONS = (
					"DEBUG=1",
					"$(inherited)",
				);
				GCC_SYMBOLS_PRIVATE_EXTERN = NO;
				GCC_WARN_64_TO_32_BIT_CONVERSION = YES;
				GCC_WARN_ABOUT_RETURN_TYPE = YES_ERROR;
				GCC_WARN_UNDECLARED_SELECTOR = YES;
				GCC_WARN_UNINITIALIZED_AUTOS = YES_AGGRESSIVE;
				GCC_WARN_UNUSED_FUNCTION = YES;
				GCC_WARN_UNUSED_VARIABLE = YES;
				IPHONEOS_DEPLOYMENT_TARGET = 8.3;
				ONLY_ACTIVE_ARCH = YES;
				SDKROOT = iphoneos;
				TARGETED_DEVICE_FAMILY = "1,2";
			};
			name = Debug;
		};
		6003F5BE195388D20070C39A /* Release */ = {
			isa = XCBuildConfiguration;
			buildSettings = {
				ALWAYS_SEARCH_USER_PATHS = NO;
				CLANG_CXX_LANGUAGE_STANDARD = "gnu++0x";
				CLANG_CXX_LIBRARY = "libc++";
				CLANG_ENABLE_MODULES = YES;
				CLANG_ENABLE_OBJC_ARC = YES;
				CLANG_WARN_BOOL_CONVERSION = YES;
				CLANG_WARN_CONSTANT_CONVERSION = YES;
				CLANG_WARN_DIRECT_OBJC_ISA_USAGE = YES_ERROR;
				CLANG_WARN_EMPTY_BODY = YES;
				CLANG_WARN_ENUM_CONVERSION = YES;
				CLANG_WARN_INT_CONVERSION = YES;
				CLANG_WARN_OBJC_ROOT_CLASS = YES_ERROR;
				CLANG_WARN__DUPLICATE_METHOD_MATCH = YES;
				"CODE_SIGN_IDENTITY[sdk=iphoneos*]" = "iPhone Developer";
				COPY_PHASE_STRIP = YES;
				ENABLE_NS_ASSERTIONS = NO;
				GCC_C_LANGUAGE_STANDARD = gnu99;
				GCC_WARN_64_TO_32_BIT_CONVERSION = YES;
				GCC_WARN_ABOUT_RETURN_TYPE = YES_ERROR;
				GCC_WARN_UNDECLARED_SELECTOR = YES;
				GCC_WARN_UNINITIALIZED_AUTOS = YES_AGGRESSIVE;
				GCC_WARN_UNUSED_FUNCTION = YES;
				GCC_WARN_UNUSED_VARIABLE = YES;
				IPHONEOS_DEPLOYMENT_TARGET = 8.3;
				SDKROOT = iphoneos;
				TARGETED_DEVICE_FAMILY = "1,2";
				VALIDATE_PRODUCT = YES;
			};
			name = Release;
		};
		6003F5C0195388D20070C39A /* Debug */ = {
			isa = XCBuildConfiguration;
			baseConfigurationReference = 253E0DA851FB2A51B07C7BEC /* Pods-EZGLKit_Example.debug.xcconfig */;
			buildSettings = {
				ASSETCATALOG_COMPILER_APPICON_NAME = AppIcon;
				ASSETCATALOG_COMPILER_LAUNCHIMAGE_NAME = LaunchImage;
				DEVELOPMENT_TEAM = P48344HVQL;
				GCC_PRECOMPILE_PREFIX_HEADER = YES;
				GCC_PREFIX_HEADER = "EZGLKit/EZGLKit-Prefix.pch";
				INFOPLIST_FILE = "EZGLKit/EZGLKit-Info.plist";
				MODULE_NAME = ExampleApp;
				PRODUCT_BUNDLE_IDENTIFIER = "org.cocoapods.demo.${PRODUCT_NAME:rfc1034identifier}";
				PRODUCT_NAME = "$(TARGET_NAME)";
				WRAPPER_EXTENSION = app;
			};
			name = Debug;
		};
		6003F5C1195388D20070C39A /* Release */ = {
			isa = XCBuildConfiguration;
			baseConfigurationReference = B3F37E7B44058075289CA397 /* Pods-EZGLKit_Example.release.xcconfig */;
			buildSettings = {
				ASSETCATALOG_COMPILER_APPICON_NAME = AppIcon;
				ASSETCATALOG_COMPILER_LAUNCHIMAGE_NAME = LaunchImage;
				DEVELOPMENT_TEAM = P48344HVQL;
				GCC_PRECOMPILE_PREFIX_HEADER = YES;
				GCC_PREFIX_HEADER = "EZGLKit/EZGLKit-Prefix.pch";
				INFOPLIST_FILE = "EZGLKit/EZGLKit-Info.plist";
				MODULE_NAME = ExampleApp;
				PRODUCT_BUNDLE_IDENTIFIER = "org.cocoapods.demo.${PRODUCT_NAME:rfc1034identifier}";
				PRODUCT_NAME = "$(TARGET_NAME)";
				WRAPPER_EXTENSION = app;
			};
			name = Release;
		};
		6003F5C3195388D20070C39A /* Debug */ = {
			isa = XCBuildConfiguration;
			baseConfigurationReference = BF00AC56A3E31A9742AB668F /* Pods-EZGLKit_Tests.debug.xcconfig */;
			buildSettings = {
				BUNDLE_LOADER = "$(TEST_HOST)";
				FRAMEWORK_SEARCH_PATHS = (
					"$(SDKROOT)/Developer/Library/Frameworks",
					"$(inherited)",
					"$(DEVELOPER_FRAMEWORKS_DIR)",
				);
				GCC_PRECOMPILE_PREFIX_HEADER = YES;
				GCC_PREFIX_HEADER = "Tests/Tests-Prefix.pch";
				GCC_PREPROCESSOR_DEFINITIONS = (
					"DEBUG=1",
					"$(inherited)",
				);
				INFOPLIST_FILE = "Tests/Tests-Info.plist";
				PRODUCT_BUNDLE_IDENTIFIER = "org.cocoapods.demo.${PRODUCT_NAME:rfc1034identifier}";
				PRODUCT_NAME = "$(TARGET_NAME)";
				SWIFT_VERSION = 3.0;
				TEST_HOST = "$(BUILT_PRODUCTS_DIR)/EZGLKit_Example.app/EZGLKit_Example";
				WRAPPER_EXTENSION = xctest;
			};
			name = Debug;
		};
		6003F5C4195388D20070C39A /* Release */ = {
			isa = XCBuildConfiguration;
			baseConfigurationReference = D07D7CF16BD0419E06B3E484 /* Pods-EZGLKit_Tests.release.xcconfig */;
			buildSettings = {
				BUNDLE_LOADER = "$(TEST_HOST)";
				FRAMEWORK_SEARCH_PATHS = (
					"$(SDKROOT)/Developer/Library/Frameworks",
					"$(inherited)",
					"$(DEVELOPER_FRAMEWORKS_DIR)",
				);
				GCC_PRECOMPILE_PREFIX_HEADER = YES;
				GCC_PREFIX_HEADER = "Tests/Tests-Prefix.pch";
				INFOPLIST_FILE = "Tests/Tests-Info.plist";
				PRODUCT_BUNDLE_IDENTIFIER = "org.cocoapods.demo.${PRODUCT_NAME:rfc1034identifier}";
				PRODUCT_NAME = "$(TARGET_NAME)";
				SWIFT_VERSION = 3.0;
				TEST_HOST = "$(BUILT_PRODUCTS_DIR)/EZGLKit_Example.app/EZGLKit_Example";
				WRAPPER_EXTENSION = xctest;
			};
			name = Release;
		};
/* End XCBuildConfiguration section */

/* Begin XCConfigurationList section */
		6003F585195388D10070C39A /* Build configuration list for PBXProject "EZGLKit" */ = {
			isa = XCConfigurationList;
			buildConfigurations = (
				6003F5BD195388D20070C39A /* Debug */,
				6003F5BE195388D20070C39A /* Release */,
			);
			defaultConfigurationIsVisible = 0;
			defaultConfigurationName = Release;
		};
		6003F5BF195388D20070C39A /* Build configuration list for PBXNativeTarget "EZGLKit_Example" */ = {
			isa = XCConfigurationList;
			buildConfigurations = (
				6003F5C0195388D20070C39A /* Debug */,
				6003F5C1195388D20070C39A /* Release */,
			);
			defaultConfigurationIsVisible = 0;
			defaultConfigurationName = Release;
		};
		6003F5C2195388D20070C39A /* Build configuration list for PBXNativeTarget "EZGLKit_Tests" */ = {
			isa = XCConfigurationList;
			buildConfigurations = (
				6003F5C3195388D20070C39A /* Debug */,
				6003F5C4195388D20070C39A /* Release */,
			);
			defaultConfigurationIsVisible = 0;
			defaultConfigurationName = Release;
		};
/* End XCConfigurationList section */
	};
	rootObject = 6003F582195388D10070C39A /* Project object */;
}
