// !$*UTF8*$!
{
	archiveVersion = 1;
	classes = {
	};
	objectVersion = 46;
	objects = {

/* Begin PBXBuildFile section */
		8E03AA9D1E30EBDA00008F82 /* EZGLTests.m in Sources */ = {isa = PBXBuildFile; fileRef = 8E03AA9C1E30EBDA00008F82 /* EZGLTests.m */; };
		8E03AAA81E30EBDB00008F82 /* EZGLUITests.m in Sources */ = {isa = PBXBuildFile; fileRef = 8E03AAA71E30EBDB00008F82 /* EZGLUITests.m */; };
		8E03AEEB1E30F9F300008F82 /* GLKit.framework in Frameworks */ = {isa = PBXBuildFile; fileRef = 8E03AEE91E30F9F300008F82 /* GLKit.framework */; };
		8E03AEEC1E30F9F300008F82 /* OpenGLES.framework in Frameworks */ = {isa = PBXBuildFile; fileRef = 8E03AEEA1E30F9F300008F82 /* OpenGLES.framework */; };
		8E0F38011E457FA100F402A8 /* AppDelegate.m in Sources */ = {isa = PBXBuildFile; fileRef = 8E0F37DC1E457FA100F402A8 /* AppDelegate.m */; };
		8E0F38021E457FA100F402A8 /* Assets.xcassets in Resources */ = {isa = PBXBuildFile; fileRef = 8E0F37DD1E457FA100F402A8 /* Assets.xcassets */; };
		8E0F38041E457FA100F402A8 /* Main.storyboard in Resources */ = {isa = PBXBuildFile; fileRef = 8E0F37E01E457FA100F402A8 /* Main.storyboard */; };
		8E0F38051E457FA100F402A8 /* Info.plist in Resources */ = {isa = PBXBuildFile; fileRef = 8E0F37E21E457FA100F402A8 /* Info.plist */; };
		8E0F38061E457FA100F402A8 /* main.m in Sources */ = {isa = PBXBuildFile; fileRef = 8E0F37E31E457FA100F402A8 /* main.m */; };
		8E0F38071E457FA100F402A8 /* GameViewController.mm in Sources */ = {isa = PBXBuildFile; fileRef = 8E0F37E61E457FA100F402A8 /* GameViewController.mm */; };
		8E0F38081E457FA100F402A8 /* walk_1.fbx in Resources */ = {isa = PBXBuildFile; fileRef = 8E0F37E91E457FA100F402A8 /* walk_1.fbx */; };
		8E0F38091E457FA100F402A8 /* ausfb.fbx in Resources */ = {isa = PBXBuildFile; fileRef = 8E0F37EB1E457FA100F402A8 /* ausfb.fbx */; };
		8E0F380A1E457FA100F402A8 /* Body 1.tga in Resources */ = {isa = PBXBuildFile; fileRef = 8E0F37EC1E457FA100F402A8 /* Body 1.tga */; };
		8E0F380B1E457FA100F402A8 /* Body 2.tga in Resources */ = {isa = PBXBuildFile; fileRef = 8E0F37ED1E457FA100F402A8 /* Body 2.tga */; };
		8E0F380C1E457FA100F402A8 /* Track.tga in Resources */ = {isa = PBXBuildFile; fileRef = 8E0F37EE1E457FA100F402A8 /* Track.tga */; };
		8E0F380D1E457FA100F402A8 /* Turret 2.tga in Resources */ = {isa = PBXBuildFile; fileRef = 8E0F37EF1E457FA100F402A8 /* Turret 2.tga */; };
		8E0F380E1E457FA100F402A8 /* Turret.tga in Resources */ = {isa = PBXBuildFile; fileRef = 8E0F37F01E457FA100F402A8 /* Turret.tga */; };
		8E0F380F1E457FA100F402A8 /* humanoid.fbx in Resources */ = {isa = PBXBuildFile; fileRef = 8E0F37F11E457FA100F402A8 /* humanoid.fbx */; };
		8E0F38101E457FA100F402A8 /* draw_sword_1_1.fbx in Resources */ = {isa = PBXBuildFile; fileRef = 8E0F37F31E457FA100F402A8 /* draw_sword_1_1.fbx */; };
		8E0F38111E457FA100F402A8 /* draw_sword_2_1.fbx in Resources */ = {isa = PBXBuildFile; fileRef = 8E0F37F41E457FA100F402A8 /* draw_sword_2_1.fbx */; };
		8E0F38121E457FA100F402A8 /* ELTextureImp.mm in Sources */ = {isa = PBXBuildFile; fileRef = 8E0F37F71E457FA100F402A8 /* ELTextureImp.mm */; };
		8E0F38131E457FA100F402A8 /* ExampleBaseViewController.m in Sources */ = {isa = PBXBuildFile; fileRef = 8E0F37F91E457FA100F402A8 /* ExampleBaseViewController.m */; };
		8E0F38141E457FA100F402A8 /* EZGLBaseViewController.mm in Sources */ = {isa = PBXBuildFile; fileRef = 8E0F37FB1E457FA100F402A8 /* EZGLBaseViewController.mm */; };
		8E0F38151E457FA100F402A8 /* EZGLMoveJoySticker.m in Sources */ = {isa = PBXBuildFile; fileRef = 8E0F37FD1E457FA100F402A8 /* EZGLMoveJoySticker.m */; };
		8E0F38161E457FA100F402A8 /* UIImage+GL.m in Sources */ = {isa = PBXBuildFile; fileRef = 8E0F38001E457FA100F402A8 /* UIImage+GL.m */; };
		8E0F38491E459E4800F402A8 /* cm_depth_pack.glsl in Resources */ = {isa = PBXBuildFile; fileRef = 8E0F382A1E459E4700F402A8 /* cm_depth_pack.glsl */; };
		8E0F384A1E459E4800F402A8 /* cm_uniforms.glsl in Resources */ = {isa = PBXBuildFile; fileRef = 8E0F382B1E459E4700F402A8 /* cm_uniforms.glsl */; };
		8E0F384B1E459E4800F402A8 /* defines.glsl in Resources */ = {isa = PBXBuildFile; fileRef = 8E0F382C1E459E4700F402A8 /* defines.glsl */; };
		8E0F384C1E459E4800F402A8 /* frg_base.glsl in Resources */ = {isa = PBXBuildFile; fileRef = 8E0F382D1E459E4700F402A8 /* frg_base.glsl */; };
		8E0F384D1E459E4800F402A8 /* frg_camera.glsl in Resources */ = {isa = PBXBuildFile; fileRef = 8E0F382E1E459E4700F402A8 /* frg_camera.glsl */; };
		8E0F384E1E459E4800F402A8 /* frg_fog.glsl in Resources */ = {isa = PBXBuildFile; fileRef = 8E0F382F1E459E4700F402A8 /* frg_fog.glsl */; };
		8E0F384F1E459E4800F402A8 /* frg_light.glsl in Resources */ = {isa = PBXBuildFile; fileRef = 8E0F38301E459E4700F402A8 /* frg_light.glsl */; };
		8E0F38501E459E4800F402A8 /* frg_normal.glsl in Resources */ = {isa = PBXBuildFile; fileRef = 8E0F38311E459E4700F402A8 /* frg_normal.glsl */; };
		8E0F38511E459E4800F402A8 /* frg_projector.glsl in Resources */ = {isa = PBXBuildFile; fileRef = 8E0F38321E459E4700F402A8 /* frg_projector.glsl */; };
		8E0F38521E459E4800F402A8 /* frg_shadow.glsl in Resources */ = {isa = PBXBuildFile; fileRef = 8E0F38331E459E4800F402A8 /* frg_shadow.glsl */; };
		8E0F38531E459E4800F402A8 /* frg_terrain.glsl in Resources */ = {isa = PBXBuildFile; fileRef = 8E0F38341E459E4800F402A8 /* frg_terrain.glsl */; };
		8E0F38541E459E4800F402A8 /* vtx_base.glsl in Resources */ = {isa = PBXBuildFile; fileRef = 8E0F38351E459E4800F402A8 /* vtx_base.glsl */; };
		8E0F38551E459E4800F402A8 /* vtx_border_pass.glsl in Resources */ = {isa = PBXBuildFile; fileRef = 8E0F38361E459E4800F402A8 /* vtx_border_pass.glsl */; };
		8E0F38561E459E4800F402A8 /* vtx_clip_plane.glsl in Resources */ = {isa = PBXBuildFile; fileRef = 8E0F38371E459E4800F402A8 /* vtx_clip_plane.glsl */; };
		8E0F38571E459E4800F402A8 /* vtx_in_out.glsl in Resources */ = {isa = PBXBuildFile; fileRef = 8E0F38381E459E4800F402A8 /* vtx_in_out.glsl */; };
		8E0F38581E459E4800F402A8 /* vtx_simple_pass.glsl in Resources */ = {isa = PBXBuildFile; fileRef = 8E0F38391E459E4800F402A8 /* vtx_simple_pass.glsl */; };
		8E0F38591E459E4800F402A8 /* vtx_uniforms.glsl in Resources */ = {isa = PBXBuildFile; fileRef = 8E0F383A1E459E4800F402A8 /* vtx_uniforms.glsl */; };
		8E0F385A1E459E4800F402A8 /* frg_phong.glsl in Resources */ = {isa = PBXBuildFile; fileRef = 8E0F383B1E459E4800F402A8 /* frg_phong.glsl */; };
		8E0F385B1E459E4800F402A8 /* frg_phong_es.glsl in Resources */ = {isa = PBXBuildFile; fileRef = 8E0F383C1E459E4800F402A8 /* frg_phong_es.glsl */; };
		8E0F385C1E459E4800F402A8 /* frg_shadowmap.glsl in Resources */ = {isa = PBXBuildFile; fileRef = 8E0F383D1E459E4800F402A8 /* frg_shadowmap.glsl */; };
		8E0F385D1E459E4800F402A8 /* frg_shadowmap_es.glsl in Resources */ = {isa = PBXBuildFile; fileRef = 8E0F383E1E459E4800F402A8 /* frg_shadowmap_es.glsl */; };
		8E0F385E1E459E4800F402A8 /* vtx_phong.glsl in Resources */ = {isa = PBXBuildFile; fileRef = 8E0F383F1E459E4800F402A8 /* vtx_phong.glsl */; };
		8E0F385F1E459E4800F402A8 /* vtx_phong_es.glsl in Resources */ = {isa = PBXBuildFile; fileRef = 8E0F38401E459E4800F402A8 /* vtx_phong_es.glsl */; };
		8E0F38601E459E4800F402A8 /* water.glsl in Resources */ = {isa = PBXBuildFile; fileRef = 8E0F38411E459E4800F402A8 /* water.glsl */; };
		8E0F38611E459E4800F402A8 /* water_es.glsl in Resources */ = {isa = PBXBuildFile; fileRef = 8E0F38421E459E4800F402A8 /* water_es.glsl */; };
		8E0F38621E459E4800F402A8 /* particle_fire.png in Resources */ = {isa = PBXBuildFile; fileRef = 8E0F38441E459E4800F402A8 /* particle_fire.png */; };
		8E0F38631E459E4800F402A8 /* particle_point.png in Resources */ = {isa = PBXBuildFile; fileRef = 8E0F38451E459E4800F402A8 /* particle_point.png */; };
		8E0F38641E459E4800F402A8 /* stone_ground.jpeg in Resources */ = {isa = PBXBuildFile; fileRef = 8E0F38461E459E4800F402A8 /* stone_ground.jpeg */; };
		8E0F38651E459E4800F402A8 /* stone_ground.png in Resources */ = {isa = PBXBuildFile; fileRef = 8E0F38471E459E4800F402A8 /* stone_ground.png */; };
		8E0F38661E459E4800F402A8 /* stone_ground_normal.png in Resources */ = {isa = PBXBuildFile; fileRef = 8E0F38481E459E4800F402A8 /* stone_ground_normal.png */; };
		8E30C29A1E31F02100D5AA1D /* libstdc++.6.0.9.tbd in Frameworks */ = {isa = PBXBuildFile; fileRef = 8E30C2991E31F02100D5AA1D /* libstdc++.6.0.9.tbd */; };
		8E383A951EB06C6800BDD339 /* libfbxsdk.a in Frameworks */ = {isa = PBXBuildFile; fileRef = 8E383A941EB06C6800BDD339 /* libfbxsdk.a */; };
		8E39DD5C1EB3153100FA5331 /* vtx_cluster.glsl in Resources */ = {isa = PBXBuildFile; fileRef = 8E39DD5B1EB3153100FA5331 /* vtx_cluster.glsl */; };
		8E53A70F1E45AB0F00C790CE /* TerrainSnowViewController.mm in Sources */ = {isa = PBXBuildFile; fileRef = 8E53A70E1E45AB0F00C790CE /* TerrainSnowViewController.mm */; };
		8E53A7111E45ABA300C790CE /* island.png in Resources */ = {isa = PBXBuildFile; fileRef = 8E53A7101E45ABA300C790CE /* island.png */; };
		8E53A7141E45B47000C790CE /* EZGLViewController.m in Sources */ = {isa = PBXBuildFile; fileRef = 8E53A7131E45B47000C790CE /* EZGLViewController.m */; };
		8E53A7161E45B48F00C790CE /* Launch Screen.storyboard in Resources */ = {isa = PBXBuildFile; fileRef = 8E53A7151E45B48F00C790CE /* Launch Screen.storyboard */; };
		8E53A7191E45B59200C790CE /* ExampleCollector.m in Sources */ = {isa = PBXBuildFile; fileRef = 8E53A7181E45B59200C790CE /* ExampleCollector.m */; };
		8E53A72A1E45C9C000C790CE /* dirt.jpg in Resources */ = {isa = PBXBuildFile; fileRef = 8E53A7241E45C9C000C790CE /* dirt.jpg */; };
		8E53A72B1E45C9C000C790CE /* dirt.png in Resources */ = {isa = PBXBuildFile; fileRef = 8E53A7251E45C9C000C790CE /* dirt.png */; };
		8E53A72C1E45C9C000C790CE /* grass_green.jpeg in Resources */ = {isa = PBXBuildFile; fileRef = 8E53A7261E45C9C000C790CE /* grass_green.jpeg */; };
		8E53A72D1E45C9C000C790CE /* grass_green.png in Resources */ = {isa = PBXBuildFile; fileRef = 8E53A7271E45C9C000C790CE /* grass_green.png */; };
		8E53A72E1E45C9C000C790CE /* grass_yellow.jpg in Resources */ = {isa = PBXBuildFile; fileRef = 8E53A7281E45C9C000C790CE /* grass_yellow.jpg */; };
		8E53A72F1E45C9C000C790CE /* grass_yellow.png in Resources */ = {isa = PBXBuildFile; fileRef = 8E53A7291E45C9C000C790CE /* grass_yellow.png */; };
		8E5B54E91E3445480082AE9F /* libiconv.2.tbd in Frameworks */ = {isa = PBXBuildFile; fileRef = 8E5B54E81E3445480082AE9F /* libiconv.2.tbd */; };
		8E66C0991EBB01B200FB20E1 /* ShadowViewController.mm in Sources */ = {isa = PBXBuildFile; fileRef = 8E66C0981EBB01B200FB20E1 /* ShadowViewController.mm */; };
		8E826CF11EBB254100885D87 /* island.png in Resources */ = {isa = PBXBuildFile; fileRef = 8E826CF01EBB254100885D87 /* island.png */; };
		D34A1BD21EB43A7300F35857 /* libEZGLSDK.a in Frameworks */ = {isa = PBXBuildFile; fileRef = D34A1BCF1EB43A6200F35857 /* libEZGLSDK.a */; };
/* End PBXBuildFile section */

/* Begin PBXContainerItemProxy section */
		8E03AA991E30EBDA00008F82 /* PBXContainerItemProxy */ = {
			isa = PBXContainerItemProxy;
			containerPortal = 8E03AA731E30EBDA00008F82 /* Project object */;
			proxyType = 1;
			remoteGlobalIDString = 8E03AA7A1E30EBDA00008F82;
			remoteInfo = EZGL;
		};
		8E03AAA41E30EBDA00008F82 /* PBXContainerItemProxy */ = {
			isa = PBXContainerItemProxy;
			containerPortal = 8E03AA731E30EBDA00008F82 /* Project object */;
			proxyType = 1;
			remoteGlobalIDString = 8E03AA7A1E30EBDA00008F82;
			remoteInfo = EZGL;
		};
		D34A1BCE1EB43A6200F35857 /* PBXContainerItemProxy */ = {
			isa = PBXContainerItemProxy;
			containerPortal = D34A1BCA1EB43A6200F35857 /* EZGLSDK.xcodeproj */;
			proxyType = 2;
			remoteGlobalIDString = 8E03AABE1E30EC1B00008F82;
			remoteInfo = EZGLSDK;
		};
		D34A1BD01EB43A6D00F35857 /* PBXContainerItemProxy */ = {
			isa = PBXContainerItemProxy;
			containerPortal = D34A1BCA1EB43A6200F35857 /* EZGLSDK.xcodeproj */;
			proxyType = 1;
			remoteGlobalIDString = 8E03AABD1E30EC1B00008F82;
			remoteInfo = EZGLSDK;
		};
/* End PBXContainerItemProxy section */

/* Begin PBXFileReference section */
		8E03AA7B1E30EBDA00008F82 /* EZGL.app */ = {isa = PBXFileReference; explicitFileType = wrapper.application; includeInIndex = 0; path = EZGL.app; sourceTree = BUILT_PRODUCTS_DIR; };
		8E03AA981E30EBDA00008F82 /* EZGLTests.xctest */ = {isa = PBXFileReference; explicitFileType = wrapper.cfbundle; includeInIndex = 0; path = EZGLTests.xctest; sourceTree = BUILT_PRODUCTS_DIR; };
		8E03AA9C1E30EBDA00008F82 /* EZGLTests.m */ = {isa = PBXFileReference; lastKnownFileType = sourcecode.c.objc; path = EZGLTests.m; sourceTree = "<group>"; };
		8E03AA9E1E30EBDA00008F82 /* Info.plist */ = {isa = PBXFileReference; lastKnownFileType = text.plist.xml; path = Info.plist; sourceTree = "<group>"; };
		8E03AAA31E30EBDA00008F82 /* EZGLUITests.xctest */ = {isa = PBXFileReference; explicitFileType = wrapper.cfbundle; includeInIndex = 0; path = EZGLUITests.xctest; sourceTree = BUILT_PRODUCTS_DIR; };
		8E03AAA71E30EBDB00008F82 /* EZGLUITests.m */ = {isa = PBXFileReference; lastKnownFileType = sourcecode.c.objc; path = EZGLUITests.m; sourceTree = "<group>"; };
		8E03AAA91E30EBDB00008F82 /* Info.plist */ = {isa = PBXFileReference; lastKnownFileType = text.plist.xml; path = Info.plist; sourceTree = "<group>"; };
		8E03AEE91E30F9F300008F82 /* GLKit.framework */ = {isa = PBXFileReference; lastKnownFileType = wrapper.framework; name = GLKit.framework; path = System/Library/Frameworks/GLKit.framework; sourceTree = SDKROOT; };
		8E03AEEA1E30F9F300008F82 /* OpenGLES.framework */ = {isa = PBXFileReference; lastKnownFileType = wrapper.framework; name = OpenGLES.framework; path = System/Library/Frameworks/OpenGLES.framework; sourceTree = SDKROOT; };
		8E0F37DB1E457FA100F402A8 /* AppDelegate.h */ = {isa = PBXFileReference; fileEncoding = 4; lastKnownFileType = sourcecode.c.h; path = AppDelegate.h; sourceTree = "<group>"; };
		8E0F37DC1E457FA100F402A8 /* AppDelegate.m */ = {isa = PBXFileReference; fileEncoding = 4; lastKnownFileType = sourcecode.c.objc; path = AppDelegate.m; sourceTree = "<group>"; };
		8E0F37DD1E457FA100F402A8 /* Assets.xcassets */ = {isa = PBXFileReference; lastKnownFileType = folder.assetcatalog; path = Assets.xcassets; sourceTree = "<group>"; };
		8E0F37E11E457FA100F402A8 /* Base */ = {isa = PBXFileReference; lastKnownFileType = file.storyboard; name = Base; path = Base.lproj/Main.storyboard; sourceTree = "<group>"; };
		8E0F37E21E457FA100F402A8 /* Info.plist */ = {isa = PBXFileReference; fileEncoding = 4; lastKnownFileType = text.plist.xml; path = Info.plist; sourceTree = "<group>"; };
		8E0F37E31E457FA100F402A8 /* main.m */ = {isa = PBXFileReference; fileEncoding = 4; lastKnownFileType = sourcecode.c.objc; path = main.m; sourceTree = "<group>"; };
		8E0F37E51E457FA100F402A8 /* GameViewController.h */ = {isa = PBXFileReference; fileEncoding = 4; lastKnownFileType = sourcecode.c.h; name = GameViewController.h; path = ../GameViewController.h; sourceTree = "<group>"; };
		8E0F37E61E457FA100F402A8 /* GameViewController.mm */ = {isa = PBXFileReference; fileEncoding = 4; lastKnownFileType = sourcecode.cpp.objcpp; name = GameViewController.mm; path = ../GameViewController.mm; sourceTree = "<group>"; };
		8E0F37E91E457FA100F402A8 /* walk_1.fbx */ = {isa = PBXFileReference; lastKnownFileType = file; path = walk_1.fbx; sourceTree = "<group>"; };
		8E0F37EB1E457FA100F402A8 /* ausfb.fbx */ = {isa = PBXFileReference; lastKnownFileType = file; path = ausfb.fbx; sourceTree = "<group>"; };
		8E0F37EC1E457FA100F402A8 /* Body 1.tga */ = {isa = PBXFileReference; lastKnownFileType = file; path = "Body 1.tga"; sourceTree = "<group>"; };
		8E0F37ED1E457FA100F402A8 /* Body 2.tga */ = {isa = PBXFileReference; lastKnownFileType = file; path = "Body 2.tga"; sourceTree = "<group>"; };
		8E0F37EE1E457FA100F402A8 /* Track.tga */ = {isa = PBXFileReference; lastKnownFileType = file; path = Track.tga; sourceTree = "<group>"; };
		8E0F37EF1E457FA100F402A8 /* Turret 2.tga */ = {isa = PBXFileReference; lastKnownFileType = file; path = "Turret 2.tga"; sourceTree = "<group>"; };
		8E0F37F01E457FA100F402A8 /* Turret.tga */ = {isa = PBXFileReference; lastKnownFileType = file; path = Turret.tga; sourceTree = "<group>"; };
		8E0F37F11E457FA100F402A8 /* humanoid.fbx */ = {isa = PBXFileReference; lastKnownFileType = file; path = humanoid.fbx; sourceTree = "<group>"; };
		8E0F37F31E457FA100F402A8 /* draw_sword_1_1.fbx */ = {isa = PBXFileReference; lastKnownFileType = file; path = draw_sword_1_1.fbx; sourceTree = "<group>"; };
		8E0F37F41E457FA100F402A8 /* draw_sword_2_1.fbx */ = {isa = PBXFileReference; lastKnownFileType = file; path = draw_sword_2_1.fbx; sourceTree = "<group>"; };
		8E0F37F61E457FA100F402A8 /* ELTextureImp.h */ = {isa = PBXFileReference; fileEncoding = 4; lastKnownFileType = sourcecode.c.h; path = ELTextureImp.h; sourceTree = "<group>"; };
		8E0F37F71E457FA100F402A8 /* ELTextureImp.mm */ = {isa = PBXFileReference; fileEncoding = 4; lastKnownFileType = sourcecode.cpp.objcpp; path = ELTextureImp.mm; sourceTree = "<group>"; };
		8E0F37F81E457FA100F402A8 /* ExampleBaseViewController.h */ = {isa = PBXFileReference; fileEncoding = 4; lastKnownFileType = sourcecode.c.h; path = ExampleBaseViewController.h; sourceTree = "<group>"; };
		8E0F37F91E457FA100F402A8 /* ExampleBaseViewController.m */ = {isa = PBXFileReference; fileEncoding = 4; lastKnownFileType = sourcecode.c.objc; path = ExampleBaseViewController.m; sourceTree = "<group>"; };
		8E0F37FA1E457FA100F402A8 /* EZGLBaseViewController.h */ = {isa = PBXFileReference; fileEncoding = 4; lastKnownFileType = sourcecode.c.h; path = EZGLBaseViewController.h; sourceTree = "<group>"; };
		8E0F37FB1E457FA100F402A8 /* EZGLBaseViewController.mm */ = {isa = PBXFileReference; fileEncoding = 4; lastKnownFileType = sourcecode.cpp.objcpp; path = EZGLBaseViewController.mm; sourceTree = "<group>"; };
		8E0F37FC1E457FA100F402A8 /* EZGLMoveJoySticker.h */ = {isa = PBXFileReference; fileEncoding = 4; lastKnownFileType = sourcecode.c.h; path = EZGLMoveJoySticker.h; sourceTree = "<group>"; };
		8E0F37FD1E457FA100F402A8 /* EZGLMoveJoySticker.m */ = {isa = PBXFileReference; fileEncoding = 4; lastKnownFileType = sourcecode.c.objc; path = EZGLMoveJoySticker.m; sourceTree = "<group>"; };
		8E0F37FE1E457FA100F402A8 /* EZGLMoveJoyStickerDelegate.h */ = {isa = PBXFileReference; fileEncoding = 4; lastKnownFileType = sourcecode.c.h; path = EZGLMoveJoyStickerDelegate.h; sourceTree = "<group>"; };
		8E0F37FF1E457FA100F402A8 /* UIImage+GL.h */ = {isa = PBXFileReference; fileEncoding = 4; lastKnownFileType = sourcecode.c.h; path = "UIImage+GL.h"; sourceTree = "<group>"; };
		8E0F38001E457FA100F402A8 /* UIImage+GL.m */ = {isa = PBXFileReference; fileEncoding = 4; lastKnownFileType = sourcecode.c.objc; path = "UIImage+GL.m"; sourceTree = "<group>"; };
		8E0F382A1E459E4700F402A8 /* cm_depth_pack.glsl */ = {isa = PBXFileReference; fileEncoding = 4; lastKnownFileType = text; path = cm_depth_pack.glsl; sourceTree = "<group>"; };
		8E0F382B1E459E4700F402A8 /* cm_uniforms.glsl */ = {isa = PBXFileReference; fileEncoding = 4; lastKnownFileType = text; path = cm_uniforms.glsl; sourceTree = "<group>"; };
		8E0F382C1E459E4700F402A8 /* defines.glsl */ = {isa = PBXFileReference; fileEncoding = 4; lastKnownFileType = text; path = defines.glsl; sourceTree = "<group>"; };
		8E0F382D1E459E4700F402A8 /* frg_base.glsl */ = {isa = PBXFileReference; fileEncoding = 4; lastKnownFileType = text; path = frg_base.glsl; sourceTree = "<group>"; };
		8E0F382E1E459E4700F402A8 /* frg_camera.glsl */ = {isa = PBXFileReference; fileEncoding = 4; lastKnownFileType = text; path = frg_camera.glsl; sourceTree = "<group>"; };
		8E0F382F1E459E4700F402A8 /* frg_fog.glsl */ = {isa = PBXFileReference; fileEncoding = 4; lastKnownFileType = text; path = frg_fog.glsl; sourceTree = "<group>"; };
		8E0F38301E459E4700F402A8 /* frg_light.glsl */ = {isa = PBXFileReference; fileEncoding = 4; lastKnownFileType = text; path = frg_light.glsl; sourceTree = "<group>"; };
		8E0F38311E459E4700F402A8 /* frg_normal.glsl */ = {isa = PBXFileReference; fileEncoding = 4; lastKnownFileType = text; path = frg_normal.glsl; sourceTree = "<group>"; };
		8E0F38321E459E4700F402A8 /* frg_projector.glsl */ = {isa = PBXFileReference; fileEncoding = 4; lastKnownFileType = text; path = frg_projector.glsl; sourceTree = "<group>"; };
		8E0F38331E459E4800F402A8 /* frg_shadow.glsl */ = {isa = PBXFileReference; fileEncoding = 4; lastKnownFileType = text; path = frg_shadow.glsl; sourceTree = "<group>"; };
		8E0F38341E459E4800F402A8 /* frg_terrain.glsl */ = {isa = PBXFileReference; fileEncoding = 4; lastKnownFileType = text; path = frg_terrain.glsl; sourceTree = "<group>"; };
		8E0F38351E459E4800F402A8 /* vtx_base.glsl */ = {isa = PBXFileReference; fileEncoding = 4; lastKnownFileType = text; path = vtx_base.glsl; sourceTree = "<group>"; };
		8E0F38361E459E4800F402A8 /* vtx_border_pass.glsl */ = {isa = PBXFileReference; fileEncoding = 4; lastKnownFileType = text; path = vtx_border_pass.glsl; sourceTree = "<group>"; };
		8E0F38371E459E4800F402A8 /* vtx_clip_plane.glsl */ = {isa = PBXFileReference; fileEncoding = 4; lastKnownFileType = text; path = vtx_clip_plane.glsl; sourceTree = "<group>"; };
		8E0F38381E459E4800F402A8 /* vtx_in_out.glsl */ = {isa = PBXFileReference; fileEncoding = 4; lastKnownFileType = text; path = vtx_in_out.glsl; sourceTree = "<group>"; };
		8E0F38391E459E4800F402A8 /* vtx_simple_pass.glsl */ = {isa = PBXFileReference; fileEncoding = 4; lastKnownFileType = text; path = vtx_simple_pass.glsl; sourceTree = "<group>"; };
		8E0F383A1E459E4800F402A8 /* vtx_uniforms.glsl */ = {isa = PBXFileReference; fileEncoding = 4; lastKnownFileType = text; path = vtx_uniforms.glsl; sourceTree = "<group>"; };
		8E0F383B1E459E4800F402A8 /* frg_phong.glsl */ = {isa = PBXFileReference; fileEncoding = 4; lastKnownFileType = text; path = frg_phong.glsl; sourceTree = "<group>"; };
		8E0F383C1E459E4800F402A8 /* frg_phong_es.glsl */ = {isa = PBXFileReference; fileEncoding = 4; lastKnownFileType = text; path = frg_phong_es.glsl; sourceTree = "<group>"; };
		8E0F383D1E459E4800F402A8 /* frg_shadowmap.glsl */ = {isa = PBXFileReference; fileEncoding = 4; lastKnownFileType = text; path = frg_shadowmap.glsl; sourceTree = "<group>"; };
		8E0F383E1E459E4800F402A8 /* frg_shadowmap_es.glsl */ = {isa = PBXFileReference; fileEncoding = 4; lastKnownFileType = text; path = frg_shadowmap_es.glsl; sourceTree = "<group>"; };
		8E0F383F1E459E4800F402A8 /* vtx_phong.glsl */ = {isa = PBXFileReference; fileEncoding = 4; lastKnownFileType = text; path = vtx_phong.glsl; sourceTree = "<group>"; };
		8E0F38401E459E4800F402A8 /* vtx_phong_es.glsl */ = {isa = PBXFileReference; fileEncoding = 4; lastKnownFileType = text; path = vtx_phong_es.glsl; sourceTree = "<group>"; };
		8E0F38411E459E4800F402A8 /* water.glsl */ = {isa = PBXFileReference; fileEncoding = 4; lastKnownFileType = text; path = water.glsl; sourceTree = "<group>"; };
		8E0F38421E459E4800F402A8 /* water_es.glsl */ = {isa = PBXFileReference; fileEncoding = 4; lastKnownFileType = text; path = water_es.glsl; sourceTree = "<group>"; };
		8E0F38441E459E4800F402A8 /* particle_fire.png */ = {isa = PBXFileReference; lastKnownFileType = image.png; path = particle_fire.png; sourceTree = "<group>"; };
		8E0F38451E459E4800F402A8 /* particle_point.png */ = {isa = PBXFileReference; lastKnownFileType = image.png; path = particle_point.png; sourceTree = "<group>"; };
		8E0F38461E459E4800F402A8 /* stone_ground.jpeg */ = {isa = PBXFileReference; lastKnownFileType = image.jpeg; path = stone_ground.jpeg; sourceTree = "<group>"; };
		8E0F38471E459E4800F402A8 /* stone_ground.png */ = {isa = PBXFileReference; lastKnownFileType = image.png; path = stone_ground.png; sourceTree = "<group>"; };
		8E0F38481E459E4800F402A8 /* stone_ground_normal.png */ = {isa = PBXFileReference; lastKnownFileType = image.png; path = stone_ground_normal.png; sourceTree = "<group>"; };
		8E30C2991E31F02100D5AA1D /* libstdc++.6.0.9.tbd */ = {isa = PBXFileReference; lastKnownFileType = "sourcecode.text-based-dylib-definition"; name = "libstdc++.6.0.9.tbd"; path = "usr/lib/libstdc++.6.0.9.tbd"; sourceTree = SDKROOT; };
		8E383A941EB06C6800BDD339 /* libfbxsdk.a */ = {isa = PBXFileReference; lastKnownFileType = archive.ar; name = libfbxsdk.a; path = ../EZGLSDK/libfbxsdk.a; sourceTree = "<group>"; };
		8E39DD5B1EB3153100FA5331 /* vtx_cluster.glsl */ = {isa = PBXFileReference; fileEncoding = 4; lastKnownFileType = text; path = vtx_cluster.glsl; sourceTree = "<group>"; };
		8E53A70D1E45AB0F00C790CE /* TerrainSnowViewController.h */ = {isa = PBXFileReference; fileEncoding = 4; lastKnownFileType = sourcecode.c.h; path = TerrainSnowViewController.h; sourceTree = "<group>"; };
		8E53A70E1E45AB0F00C790CE /* TerrainSnowViewController.mm */ = {isa = PBXFileReference; fileEncoding = 4; lastKnownFileType = sourcecode.cpp.objcpp; path = TerrainSnowViewController.mm; sourceTree = "<group>"; };
		8E53A7101E45ABA300C790CE /* island.png */ = {isa = PBXFileReference; lastKnownFileType = image.png; path = island.png; sourceTree = "<group>"; };
		8E53A7121E45B47000C790CE /* EZGLViewController.h */ = {isa = PBXFileReference; fileEncoding = 4; lastKnownFileType = sourcecode.c.h; path = EZGLViewController.h; sourceTree = "<group>"; };
		8E53A7131E45B47000C790CE /* EZGLViewController.m */ = {isa = PBXFileReference; fileEncoding = 4; lastKnownFileType = sourcecode.c.objc; path = EZGLViewController.m; sourceTree = "<group>"; };
		8E53A7151E45B48F00C790CE /* Launch Screen.storyboard */ = {isa = PBXFileReference; fileEncoding = 4; lastKnownFileType = file.storyboard; path = "Launch Screen.storyboard"; sourceTree = "<group>"; };
		8E53A7171E45B59200C790CE /* ExampleCollector.h */ = {isa = PBXFileReference; fileEncoding = 4; lastKnownFileType = sourcecode.c.h; path = ExampleCollector.h; sourceTree = "<group>"; };
		8E53A7181E45B59200C790CE /* ExampleCollector.m */ = {isa = PBXFileReference; fileEncoding = 4; lastKnownFileType = sourcecode.c.objc; path = ExampleCollector.m; sourceTree = "<group>"; };
		8E53A7241E45C9C000C790CE /* dirt.jpg */ = {isa = PBXFileReference; lastKnownFileType = image.jpeg; path = dirt.jpg; sourceTree = "<group>"; };
		8E53A7251E45C9C000C790CE /* dirt.png */ = {isa = PBXFileReference; lastKnownFileType = image.png; path = dirt.png; sourceTree = "<group>"; };
		8E53A7261E45C9C000C790CE /* grass_green.jpeg */ = {isa = PBXFileReference; lastKnownFileType = image.jpeg; path = grass_green.jpeg; sourceTree = "<group>"; };
		8E53A7271E45C9C000C790CE /* grass_green.png */ = {isa = PBXFileReference; lastKnownFileType = image.png; path = grass_green.png; sourceTree = "<group>"; };
		8E53A7281E45C9C000C790CE /* grass_yellow.jpg */ = {isa = PBXFileReference; lastKnownFileType = image.jpeg; path = grass_yellow.jpg; sourceTree = "<group>"; };
		8E53A7291E45C9C000C790CE /* grass_yellow.png */ = {isa = PBXFileReference; lastKnownFileType = image.png; path = grass_yellow.png; sourceTree = "<group>"; };
		8E5B54E81E3445480082AE9F /* libiconv.2.tbd */ = {isa = PBXFileReference; lastKnownFileType = "sourcecode.text-based-dylib-definition"; name = libiconv.2.tbd; path = usr/lib/libiconv.2.tbd; sourceTree = SDKROOT; };
		8E66C0971EBB01B200FB20E1 /* ShadowViewController.h */ = {isa = PBXFileReference; fileEncoding = 4; lastKnownFileType = sourcecode.c.h; path = ShadowViewController.h; sourceTree = "<group>"; };
		8E66C0981EBB01B200FB20E1 /* ShadowViewController.mm */ = {isa = PBXFileReference; fileEncoding = 4; lastKnownFileType = sourcecode.cpp.objcpp; path = ShadowViewController.mm; sourceTree = "<group>"; };
		8E826CF01EBB254100885D87 /* island.png */ = {isa = PBXFileReference; lastKnownFileType = image.png; path = island.png; sourceTree = "<group>"; };
		D34A1BCA1EB43A6200F35857 /* EZGLSDK.xcodeproj */ = {isa = PBXFileReference; lastKnownFileType = "wrapper.pb-project"; name = EZGLSDK.xcodeproj; path = ../EZGLSDK/EZGLSDK.xcodeproj; sourceTree = "<group>"; };
/* End PBXFileReference section */

/* Begin PBXFrameworksBuildPhase section */
		8E03AA781E30EBDA00008F82 /* Frameworks */ = {
			isa = PBXFrameworksBuildPhase;
			buildActionMask = 2147483647;
			files = (
				D34A1BD21EB43A7300F35857 /* libEZGLSDK.a in Frameworks */,
				8E383A951EB06C6800BDD339 /* libfbxsdk.a in Frameworks */,
				8E5B54E91E3445480082AE9F /* libiconv.2.tbd in Frameworks */,
				8E30C29A1E31F02100D5AA1D /* libstdc++.6.0.9.tbd in Frameworks */,
				8E03AEEB1E30F9F300008F82 /* GLKit.framework in Frameworks */,
				8E03AEEC1E30F9F300008F82 /* OpenGLES.framework in Frameworks */,
			);
			runOnlyForDeploymentPostprocessing = 0;
		};
		8E03AA951E30EBDA00008F82 /* Frameworks */ = {
			isa = PBXFrameworksBuildPhase;
			buildActionMask = 2147483647;
			files = (
			);
			runOnlyForDeploymentPostprocessing = 0;
		};
		8E03AAA01E30EBDA00008F82 /* Frameworks */ = {
			isa = PBXFrameworksBuildPhase;
			buildActionMask = 2147483647;
			files = (
			);
			runOnlyForDeploymentPostprocessing = 0;
		};
/* End PBXFrameworksBuildPhase section */

/* Begin PBXGroup section */
		8E03AA721E30EBDA00008F82 = {
			isa = PBXGroup;
			children = (
				D34A1BCA1EB43A6200F35857 /* EZGLSDK.xcodeproj */,
				8E03AA7D1E30EBDA00008F82 /* EZGL */,
				8E03AA9B1E30EBDA00008F82 /* EZGLTests */,
				8E03AAA61E30EBDA00008F82 /* EZGLUITests */,
				8E03AA7C1E30EBDA00008F82 /* Products */,
				8E03AEE81E30F9F200008F82 /* Frameworks */,
			);
			sourceTree = "<group>";
		};
		8E03AA7C1E30EBDA00008F82 /* Products */ = {
			isa = PBXGroup;
			children = (
				8E03AA7B1E30EBDA00008F82 /* EZGL.app */,
				8E03AA981E30EBDA00008F82 /* EZGLTests.xctest */,
				8E03AAA31E30EBDA00008F82 /* EZGLUITests.xctest */,
			);
			name = Products;
			sourceTree = "<group>";
		};
		8E03AA7D1E30EBDA00008F82 /* EZGL */ = {
			isa = PBXGroup;
			children = (
				8E0F38271E459E4700F402A8 /* assets */,
				8E0F37DA1E457FA100F402A8 /* AppBase */,
				8E0F37E41E457FA100F402A8 /* Examples */,
				8E0F37E71E457FA100F402A8 /* Models */,
				8E0F37F51E457FA100F402A8 /* Utils */,
			);
			path = EZGL;
			sourceTree = "<group>";
		};
		8E03AA9B1E30EBDA00008F82 /* EZGLTests */ = {
			isa = PBXGroup;
			children = (
				8E03AA9C1E30EBDA00008F82 /* EZGLTests.m */,
				8E03AA9E1E30EBDA00008F82 /* Info.plist */,
			);
			path = EZGLTests;
			sourceTree = "<group>";
		};
		8E03AAA61E30EBDA00008F82 /* EZGLUITests */ = {
			isa = PBXGroup;
			children = (
				8E03AAA71E30EBDB00008F82 /* EZGLUITests.m */,
				8E03AAA91E30EBDB00008F82 /* Info.plist */,
			);
			path = EZGLUITests;
			sourceTree = "<group>";
		};
		8E03AEE81E30F9F200008F82 /* Frameworks */ = {
			isa = PBXGroup;
			children = (
				8E383A941EB06C6800BDD339 /* libfbxsdk.a */,
				8E5B54E81E3445480082AE9F /* libiconv.2.tbd */,
				8E30C2991E31F02100D5AA1D /* libstdc++.6.0.9.tbd */,
				8E03AEE91E30F9F300008F82 /* GLKit.framework */,
				8E03AEEA1E30F9F300008F82 /* OpenGLES.framework */,
			);
			name = Frameworks;
			sourceTree = "<group>";
		};
		8E0F37DA1E457FA100F402A8 /* AppBase */ = {
			isa = PBXGroup;
			children = (
				8E53A7121E45B47000C790CE /* EZGLViewController.h */,
				8E53A7131E45B47000C790CE /* EZGLViewController.m */,
				8E0F37DB1E457FA100F402A8 /* AppDelegate.h */,
				8E0F37DC1E457FA100F402A8 /* AppDelegate.m */,
				8E0F37DD1E457FA100F402A8 /* Assets.xcassets */,
				8E0F37E01E457FA100F402A8 /* Main.storyboard */,
				8E0F37E21E457FA100F402A8 /* Info.plist */,
				8E0F37E31E457FA100F402A8 /* main.m */,
				8E53A7151E45B48F00C790CE /* Launch Screen.storyboard */,
			);
			path = AppBase;
			sourceTree = "<group>";
		};
		8E0F37E41E457FA100F402A8 /* Examples */ = {
			isa = PBXGroup;
			children = (
				8E66C0961EBB018D00FB20E1 /* Shadows */,
				8E53A70C1E45AB0F00C790CE /* Terrain & Snow */,
				8E0F38671E45A7D600F402A8 /* Animation Knight */,
			);
			path = Examples;
			sourceTree = "<group>";
		};
		8E0F37E71E457FA100F402A8 /* Models */ = {
			isa = PBXGroup;
			children = (
				8E0F37E81E457FA100F402A8 /* Animals */,
				8E0F37EA1E457FA100F402A8 /* Ausfb */,
				8E0F37F11E457FA100F402A8 /* humanoid.fbx */,
				8E0F37F21E457FA100F402A8 /* Knight */,
			);
			path = Models;
			sourceTree = "<group>";
		};
		8E0F37E81E457FA100F402A8 /* Animals */ = {
			isa = PBXGroup;
			children = (
				8E0F37E91E457FA100F402A8 /* walk_1.fbx */,
			);
			path = Animals;
			sourceTree = "<group>";
		};
		8E0F37EA1E457FA100F402A8 /* Ausfb */ = {
			isa = PBXGroup;
			children = (
				8E826CF01EBB254100885D87 /* island.png */,
				8E0F37EB1E457FA100F402A8 /* ausfb.fbx */,
				8E0F37EC1E457FA100F402A8 /* Body 1.tga */,
				8E0F37ED1E457FA100F402A8 /* Body 2.tga */,
				8E0F37EE1E457FA100F402A8 /* Track.tga */,
				8E0F37EF1E457FA100F402A8 /* Turret 2.tga */,
				8E0F37F01E457FA100F402A8 /* Turret.tga */,
			);
			path = Ausfb;
			sourceTree = "<group>";
		};
		8E0F37F21E457FA100F402A8 /* Knight */ = {
			isa = PBXGroup;
			children = (
				8E0F37F31E457FA100F402A8 /* draw_sword_1_1.fbx */,
				8E0F37F41E457FA100F402A8 /* draw_sword_2_1.fbx */,
			);
			path = Knight;
			sourceTree = "<group>";
		};
		8E0F37F51E457FA100F402A8 /* Utils */ = {
			isa = PBXGroup;
			children = (
				8E0F37F61E457FA100F402A8 /* ELTextureImp.h */,
				8E0F37F71E457FA100F402A8 /* ELTextureImp.mm */,
				8E0F37F81E457FA100F402A8 /* ExampleBaseViewController.h */,
				8E0F37F91E457FA100F402A8 /* ExampleBaseViewController.m */,
				8E0F37FA1E457FA100F402A8 /* EZGLBaseViewController.h */,
				8E0F37FB1E457FA100F402A8 /* EZGLBaseViewController.mm */,
				8E0F37FC1E457FA100F402A8 /* EZGLMoveJoySticker.h */,
				8E0F37FD1E457FA100F402A8 /* EZGLMoveJoySticker.m */,
				8E0F37FE1E457FA100F402A8 /* EZGLMoveJoyStickerDelegate.h */,
				8E0F37FF1E457FA100F402A8 /* UIImage+GL.h */,
				8E0F38001E457FA100F402A8 /* UIImage+GL.m */,
				8E53A7171E45B59200C790CE /* ExampleCollector.h */,
				8E53A7181E45B59200C790CE /* ExampleCollector.m */,
			);
			path = Utils;
			sourceTree = "<group>";
		};
		8E0F38271E459E4700F402A8 /* assets */ = {
			isa = PBXGroup;
			children = (
				8E0F38281E459E4700F402A8 /* shaders */,
				8E0F38431E459E4800F402A8 /* textures */,
			);
			name = assets;
			path = ../../../../Classes/assets;
			sourceTree = "<group>";
		};
		8E0F38281E459E4700F402A8 /* shaders */ = {
			isa = PBXGroup;
			children = (
				8E0F38291E459E4700F402A8 /* common */,
				8E0F383B1E459E4800F402A8 /* frg_phong.glsl */,
				8E0F383C1E459E4800F402A8 /* frg_phong_es.glsl */,
				8E0F383D1E459E4800F402A8 /* frg_shadowmap.glsl */,
				8E0F383E1E459E4800F402A8 /* frg_shadowmap_es.glsl */,
				8E0F383F1E459E4800F402A8 /* vtx_phong.glsl */,
				8E0F38401E459E4800F402A8 /* vtx_phong_es.glsl */,
				8E0F38411E459E4800F402A8 /* water.glsl */,
				8E0F38421E459E4800F402A8 /* water_es.glsl */,
			);
			path = shaders;
			sourceTree = "<group>";
		};
		8E0F38291E459E4700F402A8 /* common */ = {
			isa = PBXGroup;
			children = (
				8E39DD5B1EB3153100FA5331 /* vtx_cluster.glsl */,
				8E0F382A1E459E4700F402A8 /* cm_depth_pack.glsl */,
				8E0F382B1E459E4700F402A8 /* cm_uniforms.glsl */,
				8E0F382C1E459E4700F402A8 /* defines.glsl */,
				8E0F382D1E459E4700F402A8 /* frg_base.glsl */,
				8E0F382E1E459E4700F402A8 /* frg_camera.glsl */,
				8E0F382F1E459E4700F402A8 /* frg_fog.glsl */,
				8E0F38301E459E4700F402A8 /* frg_light.glsl */,
				8E0F38311E459E4700F402A8 /* frg_normal.glsl */,
				8E0F38321E459E4700F402A8 /* frg_projector.glsl */,
				8E0F38331E459E4800F402A8 /* frg_shadow.glsl */,
				8E0F38341E459E4800F402A8 /* frg_terrain.glsl */,
				8E0F38351E459E4800F402A8 /* vtx_base.glsl */,
				8E0F38361E459E4800F402A8 /* vtx_border_pass.glsl */,
				8E0F38371E459E4800F402A8 /* vtx_clip_plane.glsl */,
				8E0F38381E459E4800F402A8 /* vtx_in_out.glsl */,
				8E0F38391E459E4800F402A8 /* vtx_simple_pass.glsl */,
				8E0F383A1E459E4800F402A8 /* vtx_uniforms.glsl */,
			);
			path = common;
			sourceTree = "<group>";
		};
		8E0F38431E459E4800F402A8 /* textures */ = {
			isa = PBXGroup;
			children = (
				8E53A7241E45C9C000C790CE /* dirt.jpg */,
				8E53A7251E45C9C000C790CE /* dirt.png */,
				8E53A7261E45C9C000C790CE /* grass_green.jpeg */,
				8E53A7271E45C9C000C790CE /* grass_green.png */,
				8E53A7281E45C9C000C790CE /* grass_yellow.jpg */,
				8E53A7291E45C9C000C790CE /* grass_yellow.png */,
				8E53A7101E45ABA300C790CE /* island.png */,
				8E0F38441E459E4800F402A8 /* particle_fire.png */,
				8E0F38451E459E4800F402A8 /* particle_point.png */,
				8E0F38461E459E4800F402A8 /* stone_ground.jpeg */,
				8E0F38471E459E4800F402A8 /* stone_ground.png */,
				8E0F38481E459E4800F402A8 /* stone_ground_normal.png */,
			);
			path = textures;
			sourceTree = "<group>";
		};
		8E0F38671E45A7D600F402A8 /* Animation Knight */ = {
			isa = PBXGroup;
			children = (
				8E0F37E51E457FA100F402A8 /* GameViewController.h */,
				8E0F37E61E457FA100F402A8 /* GameViewController.mm */,
			);
			name = "Animation Knight";
			sourceTree = "<group>";
		};
		8E53A70C1E45AB0F00C790CE /* Terrain & Snow */ = {
			isa = PBXGroup;
			children = (
				8E53A70D1E45AB0F00C790CE /* TerrainSnowViewController.h */,
				8E53A70E1E45AB0F00C790CE /* TerrainSnowViewController.mm */,
			);
			path = "Terrain & Snow";
			sourceTree = "<group>";
		};
		8E66C0961EBB018D00FB20E1 /* Shadows */ = {
			isa = PBXGroup;
			children = (
				8E66C0971EBB01B200FB20E1 /* ShadowViewController.h */,
				8E66C0981EBB01B200FB20E1 /* ShadowViewController.mm */,
			);
			name = Shadows;
			sourceTree = "<group>";
		};
		D34A1BCB1EB43A6200F35857 /* Products */ = {
			isa = PBXGroup;
			children = (
				D34A1BCF1EB43A6200F35857 /* libEZGLSDK.a */,
			);
			name = Products;
			sourceTree = "<group>";
		};
/* End PBXGroup section */

/* Begin PBXNativeTarget section */
		8E03AA7A1E30EBDA00008F82 /* EZGL */ = {
			isa = PBXNativeTarget;
			buildConfigurationList = 8E03AAAC1E30EBDB00008F82 /* Build configuration list for PBXNativeTarget "EZGL" */;
			buildPhases = (
				8E03AA771E30EBDA00008F82 /* Sources */,
				8E03AA781E30EBDA00008F82 /* Frameworks */,
				8E03AA791E30EBDA00008F82 /* Resources */,
			);
			buildRules = (
			);
			dependencies = (
				D34A1BD11EB43A6D00F35857 /* PBXTargetDependency */,
			);
			name = EZGL;
			productName = EZGL;
			productReference = 8E03AA7B1E30EBDA00008F82 /* EZGL.app */;
			productType = "com.apple.product-type.application";
		};
		8E03AA971E30EBDA00008F82 /* EZGLTests */ = {
			isa = PBXNativeTarget;
			buildConfigurationList = 8E03AAAF1E30EBDB00008F82 /* Build configuration list for PBXNativeTarget "EZGLTests" */;
			buildPhases = (
				8E03AA941E30EBDA00008F82 /* Sources */,
				8E03AA951E30EBDA00008F82 /* Frameworks */,
				8E03AA961E30EBDA00008F82 /* Resources */,
			);
			buildRules = (
			);
			dependencies = (
				8E03AA9A1E30EBDA00008F82 /* PBXTargetDependency */,
			);
			name = EZGLTests;
			productName = EZGLTests;
			productReference = 8E03AA981E30EBDA00008F82 /* EZGLTests.xctest */;
			productType = "com.apple.product-type.bundle.unit-test";
		};
		8E03AAA21E30EBDA00008F82 /* EZGLUITests */ = {
			isa = PBXNativeTarget;
			buildConfigurationList = 8E03AAB21E30EBDB00008F82 /* Build configuration list for PBXNativeTarget "EZGLUITests" */;
			buildPhases = (
				8E03AA9F1E30EBDA00008F82 /* Sources */,
				8E03AAA01E30EBDA00008F82 /* Frameworks */,
				8E03AAA11E30EBDA00008F82 /* Resources */,
			);
			buildRules = (
			);
			dependencies = (
				8E03AAA51E30EBDA00008F82 /* PBXTargetDependency */,
			);
			name = EZGLUITests;
			productName = EZGLUITests;
			productReference = 8E03AAA31E30EBDA00008F82 /* EZGLUITests.xctest */;
			productType = "com.apple.product-type.bundle.ui-testing";
		};
/* End PBXNativeTarget section */

/* Begin PBXProject section */
		8E03AA731E30EBDA00008F82 /* Project object */ = {
			isa = PBXProject;
			attributes = {
				LastUpgradeCheck = 0820;
				ORGANIZATIONNAME = wangyang;
				TargetAttributes = {
					8E03AA7A1E30EBDA00008F82 = {
						CreatedOnToolsVersion = 8.2;
						DevelopmentTeam = P48344HVQL;
						ProvisioningStyle = Automatic;
					};
					8E03AA971E30EBDA00008F82 = {
						CreatedOnToolsVersion = 8.2;
						DevelopmentTeam = P48344HVQL;
						ProvisioningStyle = Automatic;
						TestTargetID = 8E03AA7A1E30EBDA00008F82;
					};
					8E03AAA21E30EBDA00008F82 = {
						CreatedOnToolsVersion = 8.2;
						DevelopmentTeam = P48344HVQL;
						ProvisioningStyle = Automatic;
						TestTargetID = 8E03AA7A1E30EBDA00008F82;
					};
				};
			};
			buildConfigurationList = 8E03AA761E30EBDA00008F82 /* Build configuration list for PBXProject "EZGL" */;
			compatibilityVersion = "Xcode 3.2";
			developmentRegion = English;
			hasScannedForEncodings = 0;
			knownRegions = (
				en,
				Base,
			);
			mainGroup = 8E03AA721E30EBDA00008F82;
			productRefGroup = 8E03AA7C1E30EBDA00008F82 /* Products */;
			projectDirPath = "";
			projectReferences = (
				{
					ProductGroup = D34A1BCB1EB43A6200F35857 /* Products */;
					ProjectRef = D34A1BCA1EB43A6200F35857 /* EZGLSDK.xcodeproj */;
				},
			);
			projectRoot = "";
			targets = (
				8E03AA7A1E30EBDA00008F82 /* EZGL */,
				8E03AA971E30EBDA00008F82 /* EZGLTests */,
				8E03AAA21E30EBDA00008F82 /* EZGLUITests */,
			);
		};
/* End PBXProject section */

/* Begin PBXReferenceProxy section */
		D34A1BCF1EB43A6200F35857 /* libEZGLSDK.a */ = {
			isa = PBXReferenceProxy;
			fileType = archive.ar;
			path = libEZGLSDK.a;
			remoteRef = D34A1BCE1EB43A6200F35857 /* PBXContainerItemProxy */;
			sourceTree = BUILT_PRODUCTS_DIR;
		};
/* End PBXReferenceProxy section */

/* Begin PBXResourcesBuildPhase section */
		8E03AA791E30EBDA00008F82 /* Resources */ = {
			isa = PBXResourcesBuildPhase;
			buildActionMask = 2147483647;
			files = (
				8E0F38491E459E4800F402A8 /* cm_depth_pack.glsl in Resources */,
				8E0F385F1E459E4800F402A8 /* vtx_phong_es.glsl in Resources */,
				8E0F38101E457FA100F402A8 /* draw_sword_1_1.fbx in Resources */,
				8E0F384C1E459E4800F402A8 /* frg_base.glsl in Resources */,
				8E0F384F1E459E4800F402A8 /* frg_light.glsl in Resources */,
				8E0F38661E459E4800F402A8 /* stone_ground_normal.png in Resources */,
				8E53A72D1E45C9C000C790CE /* grass_green.png in Resources */,
				8E0F38651E459E4800F402A8 /* stone_ground.png in Resources */,
				8E0F385B1E459E4800F402A8 /* frg_phong_es.glsl in Resources */,
				8E0F384A1E459E4800F402A8 /* cm_uniforms.glsl in Resources */,
				8E0F38601E459E4800F402A8 /* water.glsl in Resources */,
				8E0F385D1E459E4800F402A8 /* frg_shadowmap_es.glsl in Resources */,
				8E0F38051E457FA100F402A8 /* Info.plist in Resources */,
				8E53A72B1E45C9C000C790CE /* dirt.png in Resources */,
				8E0F38041E457FA100F402A8 /* Main.storyboard in Resources */,
				8E0F38581E459E4800F402A8 /* vtx_simple_pass.glsl in Resources */,
				8E0F385A1E459E4800F402A8 /* frg_phong.glsl in Resources */,
				8E0F38021E457FA100F402A8 /* Assets.xcassets in Resources */,
				8E53A72A1E45C9C000C790CE /* dirt.jpg in Resources */,
				8E0F38641E459E4800F402A8 /* stone_ground.jpeg in Resources */,
				8E0F38631E459E4800F402A8 /* particle_point.png in Resources */,
				8E53A72C1E45C9C000C790CE /* grass_green.jpeg in Resources */,
				8E0F38501E459E4800F402A8 /* frg_normal.glsl in Resources */,
				8E0F384D1E459E4800F402A8 /* frg_camera.glsl in Resources */,
				8E0F38081E457FA100F402A8 /* walk_1.fbx in Resources */,
				8E0F38521E459E4800F402A8 /* frg_shadow.glsl in Resources */,
				8E0F38591E459E4800F402A8 /* vtx_uniforms.glsl in Resources */,
				8E0F380B1E457FA100F402A8 /* Body 2.tga in Resources */,
				8E53A72F1E45C9C000C790CE /* grass_yellow.png in Resources */,
				8E0F384E1E459E4800F402A8 /* frg_fog.glsl in Resources */,
				8E0F38511E459E4800F402A8 /* frg_projector.glsl in Resources */,
				8E53A72E1E45C9C000C790CE /* grass_yellow.jpg in Resources */,
				8E0F38561E459E4800F402A8 /* vtx_clip_plane.glsl in Resources */,
				8E0F385C1E459E4800F402A8 /* frg_shadowmap.glsl in Resources */,
				8E0F380E1E457FA100F402A8 /* Turret.tga in Resources */,
				8E0F385E1E459E4800F402A8 /* vtx_phong.glsl in Resources */,
				8E0F38091E457FA100F402A8 /* ausfb.fbx in Resources */,
				8E0F38531E459E4800F402A8 /* frg_terrain.glsl in Resources */,
				8E0F38551E459E4800F402A8 /* vtx_border_pass.glsl in Resources */,
				8E0F380F1E457FA100F402A8 /* humanoid.fbx in Resources */,
				8E0F38541E459E4800F402A8 /* vtx_base.glsl in Resources */,
				8E0F38111E457FA100F402A8 /* draw_sword_2_1.fbx in Resources */,
				8E0F38611E459E4800F402A8 /* water_es.glsl in Resources */,
				8E0F384B1E459E4800F402A8 /* defines.glsl in Resources */,
				8E0F38571E459E4800F402A8 /* vtx_in_out.glsl in Resources */,
				8E0F380D1E457FA100F402A8 /* Turret 2.tga in Resources */,
				8E0F380C1E457FA100F402A8 /* Track.tga in Resources */,
				8E0F38621E459E4800F402A8 /* particle_fire.png in Resources */,
				8E826CF11EBB254100885D87 /* island.png in Resources */,
				8E53A7111E45ABA300C790CE /* island.png in Resources */,
				8E0F380A1E457FA100F402A8 /* Body 1.tga in Resources */,
				8E53A7161E45B48F00C790CE /* Launch Screen.storyboard in Resources */,
				8E39DD5C1EB3153100FA5331 /* vtx_cluster.glsl in Resources */,
			);
			runOnlyForDeploymentPostprocessing = 0;
		};
		8E03AA961E30EBDA00008F82 /* Resources */ = {
			isa = PBXResourcesBuildPhase;
			buildActionMask = 2147483647;
			files = (
			);
			runOnlyForDeploymentPostprocessing = 0;
		};
		8E03AAA11E30EBDA00008F82 /* Resources */ = {
			isa = PBXResourcesBuildPhase;
			buildActionMask = 2147483647;
			files = (
			);
			runOnlyForDeploymentPostprocessing = 0;
		};
/* End PBXResourcesBuildPhase section */

/* Begin PBXSourcesBuildPhase section */
		8E03AA771E30EBDA00008F82 /* Sources */ = {
			isa = PBXSourcesBuildPhase;
			buildActionMask = 2147483647;
			files = (
				8E0F38071E457FA100F402A8 /* GameViewController.mm in Sources */,
				8E0F38061E457FA100F402A8 /* main.m in Sources */,
				8E0F38151E457FA100F402A8 /* EZGLMoveJoySticker.m in Sources */,
				8E0F38011E457FA100F402A8 /* AppDelegate.m in Sources */,
				8E53A7141E45B47000C790CE /* EZGLViewController.m in Sources */,
				8E0F38141E457FA100F402A8 /* EZGLBaseViewController.mm in Sources */,
				8E66C0991EBB01B200FB20E1 /* ShadowViewController.mm in Sources */,
				8E0F38121E457FA100F402A8 /* ELTextureImp.mm in Sources */,
				8E53A70F1E45AB0F00C790CE /* TerrainSnowViewController.mm in Sources */,
				8E53A7191E45B59200C790CE /* ExampleCollector.m in Sources */,
				8E0F38161E457FA100F402A8 /* UIImage+GL.m in Sources */,
				8E0F38131E457FA100F402A8 /* ExampleBaseViewController.m in Sources */,
			);
			runOnlyForDeploymentPostprocessing = 0;
		};
		8E03AA941E30EBDA00008F82 /* Sources */ = {
			isa = PBXSourcesBuildPhase;
			buildActionMask = 2147483647;
			files = (
				8E03AA9D1E30EBDA00008F82 /* EZGLTests.m in Sources */,
			);
			runOnlyForDeploymentPostprocessing = 0;
		};
		8E03AA9F1E30EBDA00008F82 /* Sources */ = {
			isa = PBXSourcesBuildPhase;
			buildActionMask = 2147483647;
			files = (
				8E03AAA81E30EBDB00008F82 /* EZGLUITests.m in Sources */,
			);
			runOnlyForDeploymentPostprocessing = 0;
		};
/* End PBXSourcesBuildPhase section */

/* Begin PBXTargetDependency section */
		8E03AA9A1E30EBDA00008F82 /* PBXTargetDependency */ = {
			isa = PBXTargetDependency;
			target = 8E03AA7A1E30EBDA00008F82 /* EZGL */;
			targetProxy = 8E03AA991E30EBDA00008F82 /* PBXContainerItemProxy */;
		};
		8E03AAA51E30EBDA00008F82 /* PBXTargetDependency */ = {
			isa = PBXTargetDependency;
			target = 8E03AA7A1E30EBDA00008F82 /* EZGL */;
			targetProxy = 8E03AAA41E30EBDA00008F82 /* PBXContainerItemProxy */;
		};
		D34A1BD11EB43A6D00F35857 /* PBXTargetDependency */ = {
			isa = PBXTargetDependency;
			name = EZGLSDK;
			targetProxy = D34A1BD01EB43A6D00F35857 /* PBXContainerItemProxy */;
		};
/* End PBXTargetDependency section */

/* Begin PBXVariantGroup section */
		8E0F37E01E457FA100F402A8 /* Main.storyboard */ = {
			isa = PBXVariantGroup;
			children = (
				8E0F37E11E457FA100F402A8 /* Base */,
			);
			name = Main.storyboard;
			sourceTree = "<group>";
		};
/* End PBXVariantGroup section */

/* Begin XCBuildConfiguration section */
		8E03AAAA1E30EBDB00008F82 /* Debug */ = {
			isa = XCBuildConfiguration;
			buildSettings = {
				ALWAYS_SEARCH_USER_PATHS = NO;
				CLANG_ANALYZER_NONNULL = YES;
				CLANG_CXX_LANGUAGE_STANDARD = "gnu++0x";
				CLANG_CXX_LIBRARY = "libc++";
				CLANG_ENABLE_MODULES = YES;
				CLANG_ENABLE_OBJC_ARC = YES;
				CLANG_WARN_BOOL_CONVERSION = YES;
				CLANG_WARN_CONSTANT_CONVERSION = YES;
				CLANG_WARN_DIRECT_OBJC_ISA_USAGE = YES_ERROR;
				CLANG_WARN_DOCUMENTATION_COMMENTS = YES;
				CLANG_WARN_EMPTY_BODY = YES;
				CLANG_WARN_ENUM_CONVERSION = YES;
				CLANG_WARN_INFINITE_RECURSION = YES;
				CLANG_WARN_INT_CONVERSION = YES;
				CLANG_WARN_OBJC_ROOT_CLASS = YES_ERROR;
				CLANG_WARN_SUSPICIOUS_MOVE = YES;
				CLANG_WARN_UNREACHABLE_CODE = YES;
				CLANG_WARN__DUPLICATE_METHOD_MATCH = YES;
				"CODE_SIGN_IDENTITY[sdk=iphoneos*]" = "iPhone Developer";
				COPY_PHASE_STRIP = NO;
				DEBUG_INFORMATION_FORMAT = dwarf;
				ENABLE_STRICT_OBJC_MSGSEND = YES;
				ENABLE_TESTABILITY = YES;
				GCC_C_LANGUAGE_STANDARD = gnu99;
				GCC_DYNAMIC_NO_PIC = NO;
				GCC_NO_COMMON_BLOCKS = YES;
				GCC_OPTIMIZATION_LEVEL = 0;
				GCC_PREPROCESSOR_DEFINITIONS = (
					"DEBUG=1",
					"$(inherited)",
				);
				GCC_WARN_64_TO_32_BIT_CONVERSION = YES;
				GCC_WARN_ABOUT_RETURN_TYPE = YES_ERROR;
				GCC_WARN_UNDECLARED_SELECTOR = YES;
				GCC_WARN_UNINITIALIZED_AUTOS = YES_AGGRESSIVE;
				GCC_WARN_UNUSED_FUNCTION = YES;
				GCC_WARN_UNUSED_VARIABLE = YES;
				IPHONEOS_DEPLOYMENT_TARGET = 10.2;
				MTL_ENABLE_DEBUG_INFO = YES;
				ONLY_ACTIVE_ARCH = YES;
				SDKROOT = iphoneos;
			};
			name = Debug;
		};
		8E03AAAB1E30EBDB00008F82 /* Release */ = {
			isa = XCBuildConfiguration;
			buildSettings = {
				ALWAYS_SEARCH_USER_PATHS = NO;
				CLANG_ANALYZER_NONNULL = YES;
				CLANG_CXX_LANGUAGE_STANDARD = "gnu++0x";
				CLANG_CXX_LIBRARY = "libc++";
				CLANG_ENABLE_MODULES = YES;
				CLANG_ENABLE_OBJC_ARC = YES;
				CLANG_WARN_BOOL_CONVERSION = YES;
				CLANG_WARN_CONSTANT_CONVERSION = YES;
				CLANG_WARN_DIRECT_OBJC_ISA_USAGE = YES_ERROR;
				CLANG_WARN_DOCUMENTATION_COMMENTS = YES;
				CLANG_WARN_EMPTY_BODY = YES;
				CLANG_WARN_ENUM_CONVERSION = YES;
				CLANG_WARN_INFINITE_RECURSION = YES;
				CLANG_WARN_INT_CONVERSION = YES;
				CLANG_WARN_OBJC_ROOT_CLASS = YES_ERROR;
				CLANG_WARN_SUSPICIOUS_MOVE = YES;
				CLANG_WARN_UNREACHABLE_CODE = YES;
				CLANG_WARN__DUPLICATE_METHOD_MATCH = YES;
				"CODE_SIGN_IDENTITY[sdk=iphoneos*]" = "iPhone Developer";
				COPY_PHASE_STRIP = NO;
				DEBUG_INFORMATION_FORMAT = "dwarf-with-dsym";
				ENABLE_NS_ASSERTIONS = NO;
				ENABLE_STRICT_OBJC_MSGSEND = YES;
				GCC_C_LANGUAGE_STANDARD = gnu99;
				GCC_NO_COMMON_BLOCKS = YES;
				GCC_WARN_64_TO_32_BIT_CONVERSION = YES;
				GCC_WARN_ABOUT_RETURN_TYPE = YES_ERROR;
				GCC_WARN_UNDECLARED_SELECTOR = YES;
				GCC_WARN_UNINITIALIZED_AUTOS = YES_AGGRESSIVE;
				GCC_WARN_UNUSED_FUNCTION = YES;
				GCC_WARN_UNUSED_VARIABLE = YES;
				IPHONEOS_DEPLOYMENT_TARGET = 10.2;
				MTL_ENABLE_DEBUG_INFO = NO;
				SDKROOT = iphoneos;
				VALIDATE_PRODUCT = YES;
			};
			name = Release;
		};
		8E03AAAD1E30EBDB00008F82 /* Debug */ = {
			isa = XCBuildConfiguration;
			buildSettings = {
				ASSETCATALOG_COMPILER_APPICON_NAME = AppIcon;
				CLANG_CXX_LANGUAGE_STANDARD = "compiler-default";
				CLANG_CXX_LIBRARY = "libc++";
				CLANG_ENABLE_OBJC_ARC = YES;
				DEVELOPMENT_TEAM = P48344HVQL;
				ENABLE_BITCODE = NO;
				FRAMEWORK_SEARCH_PATHS = (
					"$(inherited)",
					"$(PROJECT_DIR)SDK",
					"$(PROJECT_DIR)SDK/build",
				);
				HEADER_SEARCH_PATHS = "$(PROJECT_DIR)SDK/../../../Classes";
				INFOPLIST_FILE = "$(SRCROOT)/EZGL/AppBase/Info.plist";
				LD_RUNPATH_SEARCH_PATHS = "$(inherited) @executable_path/Frameworks";
				LIBRARY_SEARCH_PATHS = (
					"$(PROJECT_DIR)SDK/",
					"$(PROJECT_DIR)SDK",
				);
				ONLY_ACTIVE_ARCH = YES;
				PRODUCT_BUNDLE_IDENTIFIER = me.ocean.EZGL;
				PRODUCT_NAME = "$(TARGET_NAME)";
				VALID_ARCHS = "armv7 armv7s arm64";
			};
			name = Debug;
		};
		8E03AAAE1E30EBDB00008F82 /* Release */ = {
			isa = XCBuildConfiguration;
			buildSettings = {
				ASSETCATALOG_COMPILER_APPICON_NAME = AppIcon;
				CLANG_CXX_LANGUAGE_STANDARD = "compiler-default";
				CLANG_CXX_LIBRARY = "libc++";
				CLANG_ENABLE_OBJC_ARC = YES;
				DEVELOPMENT_TEAM = P48344HVQL;
				ENABLE_BITCODE = NO;
				FRAMEWORK_SEARCH_PATHS = (
					"$(inherited)",
					"$(PROJECT_DIR)SDK",
					"$(PROJECT_DIR)SDK/build",
				);
				HEADER_SEARCH_PATHS = "$(PROJECT_DIR)SDK/../../../Classes";
				INFOPLIST_FILE = "$(SRCROOT)/EZGL/AppBase/Info.plist";
				LD_RUNPATH_SEARCH_PATHS = "$(inherited) @executable_path/Frameworks";
				LIBRARY_SEARCH_PATHS = (
					"$(PROJECT_DIR)SDK/",
					"$(PROJECT_DIR)SDK",
				);
				ONLY_ACTIVE_ARCH = NO;
				PRODUCT_BUNDLE_IDENTIFIER = me.ocean.EZGL;
				PRODUCT_NAME = "$(TARGET_NAME)";
				VALID_ARCHS = "armv7 armv7s arm64";
			};
			name = Release;
		};
		8E03AAB01E30EBDB00008F82 /* Debug */ = {
			isa = XCBuildConfiguration;
			buildSettings = {
				BUNDLE_LOADER = "$(TEST_HOST)";
				DEVELOPMENT_TEAM = P48344HVQL;
				INFOPLIST_FILE = EZGLTests/Info.plist;
				LD_RUNPATH_SEARCH_PATHS = "$(inherited) @executable_path/Frameworks @loader_path/Frameworks";
				PRODUCT_BUNDLE_IDENTIFIER = me.ocean.EZGLTests;
				PRODUCT_NAME = "$(TARGET_NAME)";
				TEST_HOST = "$(BUILT_PRODUCTS_DIR)/EZGL.app/EZGL";
			};
			name = Debug;
		};
		8E03AAB11E30EBDB00008F82 /* Release */ = {
			isa = XCBuildConfiguration;
			buildSettings = {
				BUNDLE_LOADER = "$(TEST_HOST)";
				DEVELOPMENT_TEAM = P48344HVQL;
				INFOPLIST_FILE = EZGLTests/Info.plist;
				LD_RUNPATH_SEARCH_PATHS = "$(inherited) @executable_path/Frameworks @loader_path/Frameworks";
				PRODUCT_BUNDLE_IDENTIFIER = me.ocean.EZGLTests;
				PRODUCT_NAME = "$(TARGET_NAME)";
				TEST_HOST = "$(BUILT_PRODUCTS_DIR)/EZGL.app/EZGL";
			};
			name = Release;
		};
		8E03AAB31E30EBDB00008F82 /* Debug */ = {
			isa = XCBuildConfiguration;
			buildSettings = {
				DEVELOPMENT_TEAM = P48344HVQL;
				INFOPLIST_FILE = EZGLUITests/Info.plist;
				LD_RUNPATH_SEARCH_PATHS = "$(inherited) @executable_path/Frameworks @loader_path/Frameworks";
				PRODUCT_BUNDLE_IDENTIFIER = me.ocean.EZGLUITests;
				PRODUCT_NAME = "$(TARGET_NAME)";
				TEST_TARGET_NAME = EZGL;
			};
			name = Debug;
		};
		8E03AAB41E30EBDB00008F82 /* Release */ = {
			isa = XCBuildConfiguration;
			buildSettings = {
				DEVELOPMENT_TEAM = P48344HVQL;
				INFOPLIST_FILE = EZGLUITests/Info.plist;
				LD_RUNPATH_SEARCH_PATHS = "$(inherited) @executable_path/Frameworks @loader_path/Frameworks";
				PRODUCT_BUNDLE_IDENTIFIER = me.ocean.EZGLUITests;
				PRODUCT_NAME = "$(TARGET_NAME)";
				TEST_TARGET_NAME = EZGL;
			};
			name = Release;
		};
/* End XCBuildConfiguration section */

/* Begin XCConfigurationList section */
		8E03AA761E30EBDA00008F82 /* Build configuration list for PBXProject "EZGL" */ = {
			isa = XCConfigurationList;
			buildConfigurations = (
				8E03AAAA1E30EBDB00008F82 /* Debug */,
				8E03AAAB1E30EBDB00008F82 /* Release */,
			);
			defaultConfigurationIsVisible = 0;
			defaultConfigurationName = Release;
		};
		8E03AAAC1E30EBDB00008F82 /* Build configuration list for PBXNativeTarget "EZGL" */ = {
			isa = XCConfigurationList;
			buildConfigurations = (
				8E03AAAD1E30EBDB00008F82 /* Debug */,
				8E03AAAE1E30EBDB00008F82 /* Release */,
			);
			defaultConfigurationIsVisible = 0;
			defaultConfigurationName = Release;
		};
		8E03AAAF1E30EBDB00008F82 /* Build configuration list for PBXNativeTarget "EZGLTests" */ = {
			isa = XCConfigurationList;
			buildConfigurations = (
				8E03AAB01E30EBDB00008F82 /* Debug */,
				8E03AAB11E30EBDB00008F82 /* Release */,
			);
			defaultConfigurationIsVisible = 0;
			defaultConfigurationName = Release;
		};
		8E03AAB21E30EBDB00008F82 /* Build configuration list for PBXNativeTarget "EZGLUITests" */ = {
			isa = XCConfigurationList;
			buildConfigurations = (
				8E03AAB31E30EBDB00008F82 /* Debug */,
				8E03AAB41E30EBDB00008F82 /* Release */,
			);
			defaultConfigurationIsVisible = 0;
			defaultConfigurationName = Release;
		};
/* End XCConfigurationList section */
	};
	rootObject = 8E03AA731E30EBDA00008F82 /* Project object */;
}
